
Microsoft Visual Studio Solution File, Format Version 12.00
# Visual Studio Version 16
VisualStudioVersion = 16.0.31005.135
MinimumVisualStudioVersion = 10.0.40219.1
Project("{8BC9CEB8-8B4A-11D0-8D11-00A0C91BC942}") = "1001", "Code_UP_C++\Code_UP_C++.vcxproj", "{3D7F4992-600B-497E-B959-A8626497C407}"
EndProject
Project("{8BC9CEB8-8B4A-11D0-8D11-00A0C91BC942}") = "1002", "1002\1002.vcxproj", "{BDE52D25-17E3-488B-8383-F01F722233E4}"
EndProject
Project("{8BC9CEB8-8B4A-11D0-8D11-00A0C91BC942}") = "1003", "1003\1003.vcxproj", "{F53F8047-E374-4E36-BC90-D472FF8BFF3B}"
EndProject
Project("{8BC9CEB8-8B4A-11D0-8D11-00A0C91BC942}") = "1004", "1004\1004.vcxproj", "{145BE740-C1E0-4C2F-8DF1-6EB6AF7CA152}"
EndProject
Project("{8BC9CEB8-8B4A-11D0-8D11-00A0C91BC942}") = "1005", "1005\1005.vcxproj", "{9C941E05-9164-414C-A903-EDEE7A8050A8}"
EndProject
Project("{8BC9CEB8-8B4A-11D0-8D11-00A0C91BC942}") = "1006", "1006\1006.vcxproj", "{C0207DF2-8463-43DA-86B4-0EBF9205FF6F}"
EndProject
Project("{8BC9CEB8-8B4A-11D0-8D11-00A0C91BC942}") = "1007", "1007\1007.vcxproj", "{3A7F27C5-6085-479C-B036-133696FEAEE7}"
EndProject
Project("{8BC9CEB8-8B4A-11D0-8D11-00A0C91BC942}") = "1008", "1008\1008.vcxproj", "{EE4D3964-5EDE-46C5-808F-583782D1325F}"
EndProject
Project("{8BC9CEB8-8B4A-11D0-8D11-00A0C91BC942}") = "1010", "1010\1010.vcxproj", "{64CC3DC1-CDEB-4E6B-B4A3-2C94EE49981F}"
EndProject
Project("{8BC9CEB8-8B4A-11D0-8D11-00A0C91BC942}") = "1011", "1011\1011.vcxproj", "{3B247D1F-4D35-49F3-B0CC-09290C872283}"
EndProject
Project("{8BC9CEB8-8B4A-11D0-8D11-00A0C91BC942}") = "1012", "1012\1012.vcxproj", "{65293F0B-B1DC-4451-8A96-8CCCBFDB7345}"
EndProject
Project("{8BC9CEB8-8B4A-11D0-8D11-00A0C91BC942}") = "1013", "1013\1013.vcxproj", "{3E7E8870-EDB5-4688-B29D-72E06786E960}"
EndProject
Project("{8BC9CEB8-8B4A-11D0-8D11-00A0C91BC942}") = "1014", "1014\1014.vcxproj", "{30B8C66A-4DED-443C-9670-C3463447E2D5}"
EndProject
Project("{8BC9CEB8-8B4A-11D0-8D11-00A0C91BC942}") = "1015", "1015\1015.vcxproj", "{B92E16F4-5296-43FC-BC75-CC496621C3A2}"
EndProject
Project("{8BC9CEB8-8B4A-11D0-8D11-00A0C91BC942}") = "1017", "1017\1017.vcxproj", "{10470CBD-3024-44D2-B894-0983BEA65A6B}"
EndProject
Project("{8BC9CEB8-8B4A-11D0-8D11-00A0C91BC942}") = "1018", "1018\1018.vcxproj", "{0CFFB607-C575-4259-AF98-C86DBE2E9669}"
EndProject
Project("{8BC9CEB8-8B4A-11D0-8D11-00A0C91BC942}") = "1019", "1019\1019.vcxproj", "{AC5ED473-5C05-4C0B-B896-5D24B08F8F88}"
EndProject
Project("{8BC9CEB8-8B4A-11D0-8D11-00A0C91BC942}") = "1020", "1020\1020.vcxproj", "{65C6AA94-9AC3-49C8-AE82-059FAE02AB78}"
EndProject
Project("{8BC9CEB8-8B4A-11D0-8D11-00A0C91BC942}") = "1021", "1021\1021.vcxproj", "{0531B63D-AB26-4847-9712-59332CC0F9D7}"
EndProject
Project("{8BC9CEB8-8B4A-11D0-8D11-00A0C91BC942}") = "1022", "1022\1022.vcxproj", "{F2B2D73D-02AA-4959-B480-032B9C373844}"
EndProject
Project("{8BC9CEB8-8B4A-11D0-8D11-00A0C91BC942}") = "1023", "1023\1023.vcxproj", "{8124B6E2-0056-4B96-AC0D-F2878EC199AA}"
EndProject
Project("{8BC9CEB8-8B4A-11D0-8D11-00A0C91BC942}") = "1024", "1024\1024.vcxproj", "{85ADC44D-64E9-4BB0-BCD5-AAAD15473C51}"
EndProject
Project("{8BC9CEB8-8B4A-11D0-8D11-00A0C91BC942}") = "1025", "1025\1025.vcxproj", "{DC2F5C04-3BBE-4C6D-A4C4-CD5B811615AF}"
EndProject
Project("{8BC9CEB8-8B4A-11D0-8D11-00A0C91BC942}") = "1026", "1026\1026.vcxproj", "{0712FEAD-9A40-4949-BDE2-304FCF2FF48E}"
EndProject
Project("{8BC9CEB8-8B4A-11D0-8D11-00A0C91BC942}") = "1027", "1027\1027.vcxproj", "{CA9380CF-6FEB-4070-B74D-D1C2F0EC031D}"
EndProject
Project("{8BC9CEB8-8B4A-11D0-8D11-00A0C91BC942}") = "1028", "1028\1028.vcxproj", "{15EFC10A-96F5-410D-8E2A-EA52A051C96A}"
EndProject
Project("{8BC9CEB8-8B4A-11D0-8D11-00A0C91BC942}") = "1029", "1029\1029.vcxproj", "{D3F86145-8A97-429A-98E8-F917B2981183}"
EndProject
Project("{8BC9CEB8-8B4A-11D0-8D11-00A0C91BC942}") = "1030", "1030\1030.vcxproj", "{8632C8DB-CEFE-46DA-9C9C-ADB49A904D8D}"
EndProject
Project("{8BC9CEB8-8B4A-11D0-8D11-00A0C91BC942}") = "1031", "1031\1031.vcxproj", "{F4F1CBAA-483D-470F-8E12-68BCE150115D}"
EndProject
Project("{2150E333-8FDC-42A3-9474-1A3956D46DE8}") = "1~90", "1~90", "{334E0DB8-8DB0-46CA-9652-C13B840BA0F5}"
EndProject
Project("{8BC9CEB8-8B4A-11D0-8D11-00A0C91BC942}") = "1032", "1032\1032.vcxproj", "{C950979F-F550-481C-983E-7DF4EF6A5AA5}"
EndProject
Project("{8BC9CEB8-8B4A-11D0-8D11-00A0C91BC942}") = "1033", "1033\1033.vcxproj", "{8C595F7E-DCD1-4FA7-97CD-B9617CDD5C38}"
EndProject
Project("{8BC9CEB8-8B4A-11D0-8D11-00A0C91BC942}") = "1034", "1034\1034.vcxproj", "{4C92F512-4610-4C26-AF7F-26908C12718D}"
EndProject
Project("{8BC9CEB8-8B4A-11D0-8D11-00A0C91BC942}") = "1035", "1035\1035.vcxproj", "{2E17F43C-40EF-4A39-B445-4BA68CCE0EB1}"
EndProject
Project("{8BC9CEB8-8B4A-11D0-8D11-00A0C91BC942}") = "1036", "1036\1036.vcxproj", "{B6231CE1-1BCF-4C2D-8008-62D2BA53EF18}"
EndProject
Project("{8BC9CEB8-8B4A-11D0-8D11-00A0C91BC942}") = "1037", "1037\1037.vcxproj", "{4DDF2CD5-F2A9-4355-A3C7-F45A8D5839C4}"
EndProject
Project("{8BC9CEB8-8B4A-11D0-8D11-00A0C91BC942}") = "1038", "1038\1038.vcxproj", "{BB729644-0B64-404D-BDF4-C440609BD8C0}"
EndProject
Project("{8BC9CEB8-8B4A-11D0-8D11-00A0C91BC942}") = "1039", "1039\1039.vcxproj", "{7B876070-1640-49B0-BF8C-CDB38EC9A54E}"
EndProject
Project("{8BC9CEB8-8B4A-11D0-8D11-00A0C91BC942}") = "1040", "1040\1040.vcxproj", "{9FA7AB40-6DAA-4081-83CF-1B68C6782226}"
EndProject
Project("{8BC9CEB8-8B4A-11D0-8D11-00A0C91BC942}") = "1041", "1041\1041.vcxproj", "{920F266F-401F-4D8B-9C78-691AA7946BCC}"
EndProject
Project("{8BC9CEB8-8B4A-11D0-8D11-00A0C91BC942}") = "1042", "1042\1042.vcxproj", "{28104342-99CB-49F2-ACA7-272BA5118698}"
EndProject
Project("{8BC9CEB8-8B4A-11D0-8D11-00A0C91BC942}") = "1043", "1043\1043.vcxproj", "{69FF8B14-C226-4421-98F4-1480DFBB6EBC}"
EndProject
Project("{8BC9CEB8-8B4A-11D0-8D11-00A0C91BC942}") = "1044", "1044\1044.vcxproj", "{E442C522-A550-4DFA-B57F-B6BCEFA96FB6}"
EndProject
Project("{8BC9CEB8-8B4A-11D0-8D11-00A0C91BC942}") = "1045", "1045\1045.vcxproj", "{E161C7E0-DD8C-413D-9272-BC60FFD365AE}"
EndProject
Project("{8BC9CEB8-8B4A-11D0-8D11-00A0C91BC942}") = "1046", "1046\1046.vcxproj", "{BAB51777-B1CE-457B-8986-B5433DC9C9C4}"
EndProject
Project("{8BC9CEB8-8B4A-11D0-8D11-00A0C91BC942}") = "1047", "1047\1047.vcxproj", "{30E328F5-EB46-49AD-8A66-1EC3520358D4}"
EndProject
Project("{8BC9CEB8-8B4A-11D0-8D11-00A0C91BC942}") = "1048", "1048\1048.vcxproj", "{8F3B64F4-ECFB-4650-B2BB-3E268D031BF8}"
EndProject
Project("{8BC9CEB8-8B4A-11D0-8D11-00A0C91BC942}") = "1049", "1049\1049.vcxproj", "{6EC6900D-438B-439E-B072-218D502A585E}"
EndProject
Project("{8BC9CEB8-8B4A-11D0-8D11-00A0C91BC942}") = "1050", "1050\1050.vcxproj", "{7F715724-1659-46F2-B279-7B02A0E3C359}"
EndProject
Project("{8BC9CEB8-8B4A-11D0-8D11-00A0C91BC942}") = "1051", "1051\1051.vcxproj", "{44C09346-66DD-420D-AAD1-A1187744EB78}"
EndProject
Project("{8BC9CEB8-8B4A-11D0-8D11-00A0C91BC942}") = "1052", "1052\1052.vcxproj", "{26AD8E93-11FA-4C1E-8AF0-321F80B0AF3B}"
EndProject
Project("{8BC9CEB8-8B4A-11D0-8D11-00A0C91BC942}") = "1053", "1053\1053.vcxproj", "{A6FC98E8-64DD-4384-A49F-E2F47E0F8BC1}"
EndProject
Project("{8BC9CEB8-8B4A-11D0-8D11-00A0C91BC942}") = "1054", "1054\1054.vcxproj", "{6347C281-4C8A-4558-8EF3-1F4D7B6BA165}"
EndProject
Project("{8BC9CEB8-8B4A-11D0-8D11-00A0C91BC942}") = "1055", "1055\1055.vcxproj", "{FC86AEF6-746A-421C-8148-BCA630030A32}"
EndProject
Project("{8BC9CEB8-8B4A-11D0-8D11-00A0C91BC942}") = "1056", "1056\1056.vcxproj", "{927A94DF-FE36-4248-8F27-88516B0A15F8}"
EndProject
Project("{8BC9CEB8-8B4A-11D0-8D11-00A0C91BC942}") = "1057", "1057\1057.vcxproj", "{51E2B065-F071-491B-B5A4-990DCC103B57}"
EndProject
Project("{8BC9CEB8-8B4A-11D0-8D11-00A0C91BC942}") = "1058", "1058\1058.vcxproj", "{35DB73B6-D471-4DDF-92BA-193FA63BAADD}"
EndProject
Project("{8BC9CEB8-8B4A-11D0-8D11-00A0C91BC942}") = "1059", "1059\1059.vcxproj", "{77738F19-52E1-4A77-936B-28FF629729BF}"
EndProject
Project("{8BC9CEB8-8B4A-11D0-8D11-00A0C91BC942}") = "1060", "1060\1060.vcxproj", "{1D3BA28A-B8E6-4F32-91F9-AF25F887DAB2}"
EndProject
Project("{8BC9CEB8-8B4A-11D0-8D11-00A0C91BC942}") = "1061", "1061\1061.vcxproj", "{36FEE53B-A3E7-4156-978B-0D18A2BBA634}"
EndProject
Project("{8BC9CEB8-8B4A-11D0-8D11-00A0C91BC942}") = "1062", "1062\1062.vcxproj", "{E2E1362C-EE6F-4D0A-B971-975C4A4F71D3}"
EndProject
Project("{8BC9CEB8-8B4A-11D0-8D11-00A0C91BC942}") = "1063", "1063\1063.vcxproj", "{95879853-26C9-4E87-A6CA-E103F0E0C6B3}"
EndProject
Project("{8BC9CEB8-8B4A-11D0-8D11-00A0C91BC942}") = "1064", "1064\1064.vcxproj", "{03F37ED4-C5A4-47C0-8DD1-634A2B0652F1}"
EndProject
Project("{8BC9CEB8-8B4A-11D0-8D11-00A0C91BC942}") = "1065", "1065\1065.vcxproj", "{278E29A0-5C95-4A70-9ABE-AD8615F9B47B}"
EndProject
Project("{8BC9CEB8-8B4A-11D0-8D11-00A0C91BC942}") = "1066", "1066\1066.vcxproj", "{7991664F-8524-42C4-BC6D-1F546DEB4567}"
EndProject
Project("{8BC9CEB8-8B4A-11D0-8D11-00A0C91BC942}") = "1067", "1067\1067.vcxproj", "{FB304891-5B87-4DAB-AA54-BA1B27D6FCF5}"
EndProject
Project("{8BC9CEB8-8B4A-11D0-8D11-00A0C91BC942}") = "1068", "1068\1068.vcxproj", "{04E62FE9-34A8-4AE6-BB80-39E3F982D648}"
EndProject
Project("{8BC9CEB8-8B4A-11D0-8D11-00A0C91BC942}") = "1069", "1069\1069.vcxproj", "{32B85FC3-E7A4-495A-9DE8-B4EABB0CADA0}"
EndProject
Project("{8BC9CEB8-8B4A-11D0-8D11-00A0C91BC942}") = "1070", "1070\1070.vcxproj", "{8483E1F8-B702-43D7-B2D4-A2A4862CD4BD}"
EndProject
Project("{8BC9CEB8-8B4A-11D0-8D11-00A0C91BC942}") = "1071", "1071\1071.vcxproj", "{C583FAF3-D690-45F4-B144-0D683067B5A4}"
EndProject
Project("{8BC9CEB8-8B4A-11D0-8D11-00A0C91BC942}") = "1072", "1072\1072.vcxproj", "{9754E31B-22BC-442E-B11D-F24B547FB662}"
EndProject
Project("{8BC9CEB8-8B4A-11D0-8D11-00A0C91BC942}") = "1073", "1073\1073.vcxproj", "{63DA8571-EB17-4125-AC07-67B7D95C474A}"
EndProject
Project("{8BC9CEB8-8B4A-11D0-8D11-00A0C91BC942}") = "1074", "1074\1074.vcxproj", "{12E759A2-DE3D-4FC8-A6AA-469B475107E5}"
EndProject
Project("{8BC9CEB8-8B4A-11D0-8D11-00A0C91BC942}") = "1076", "1076\1076.vcxproj", "{8793ECEE-110E-47F0-8965-837D5310BC64}"
EndProject
Project("{8BC9CEB8-8B4A-11D0-8D11-00A0C91BC942}") = "1075", "1075\1075.vcxproj", "{7126CDFA-8656-4B25-80DF-689B68E63E2F}"
EndProject
Project("{8BC9CEB8-8B4A-11D0-8D11-00A0C91BC942}") = "1077", "1077\1077.vcxproj", "{6D0A0A1D-D2C4-4E8D-9F96-B74829C7C2B2}"
EndProject
Project("{8BC9CEB8-8B4A-11D0-8D11-00A0C91BC942}") = "1078", "1078\1078.vcxproj", "{4F34EE40-5366-4DFB-A97E-37F2B60026C1}"
EndProject
Project("{8BC9CEB8-8B4A-11D0-8D11-00A0C91BC942}") = "1079", "1079\1079.vcxproj", "{49792215-A2C0-4574-A763-8C5453B48FC9}"
EndProject
Project("{8BC9CEB8-8B4A-11D0-8D11-00A0C91BC942}") = "1080", "1080\1080.vcxproj", "{314AC9D0-0A48-45E1-81C3-F49FF2F9F050}"
EndProject
Project("{8BC9CEB8-8B4A-11D0-8D11-00A0C91BC942}") = "1081", "1081\1081.vcxproj", "{BDF13275-1CA8-4E04-874D-F85021998547}"
EndProject
Project("{8BC9CEB8-8B4A-11D0-8D11-00A0C91BC942}") = "1082", "1082\1082.vcxproj", "{5B336D1F-0C37-4F13-9E45-DDB39512F167}"
EndProject
Project("{8BC9CEB8-8B4A-11D0-8D11-00A0C91BC942}") = "1083", "1083\1083.vcxproj", "{2C39167C-B3BA-4DF1-AB81-C26E0B1BB06E}"
EndProject
Project("{8BC9CEB8-8B4A-11D0-8D11-00A0C91BC942}") = "1084", "1084\1084.vcxproj", "{9DB24D51-3027-4920-BCD5-BE7EDF144FC7}"
EndProject
Project("{8BC9CEB8-8B4A-11D0-8D11-00A0C91BC942}") = "1085", "1085\1085.vcxproj", "{B90D3DA9-7B90-4686-9147-65231245F428}"
EndProject
Project("{8BC9CEB8-8B4A-11D0-8D11-00A0C91BC942}") = "1086", "1086\1086.vcxproj", "{802CE5D6-304F-489C-BDB5-C526BCBCAC5A}"
EndProject
Project("{8BC9CEB8-8B4A-11D0-8D11-00A0C91BC942}") = "1087", "1087\1087.vcxproj", "{68303D93-D9C8-4FFD-AE8C-A44D5BCF9294}"
EndProject
Project("{8BC9CEB8-8B4A-11D0-8D11-00A0C91BC942}") = "1088", "1088\1088.vcxproj", "{F13C1863-69D2-406A-90E0-D598789D18C6}"
EndProject
Project("{8BC9CEB8-8B4A-11D0-8D11-00A0C91BC942}") = "1089", "1089\1089.vcxproj", "{CDFF4419-4428-4044-9E1B-92BA0F08C15A}"
EndProject
Project("{8BC9CEB8-8B4A-11D0-8D11-00A0C91BC942}") = "1090", "1090\1090.vcxproj", "{995C4E3D-B675-46D2-986E-89A11BF84A2A}"
EndProject
Project("{8BC9CEB8-8B4A-11D0-8D11-00A0C91BC942}") = "1091", "1091\1091.vcxproj", "{D356AF5E-55E8-45C9-A203-4307E4DAFEE6}"
EndProject
Project("{8BC9CEB8-8B4A-11D0-8D11-00A0C91BC942}") = "1092", "1092\1092.vcxproj", "{9DCAA8A3-1550-449E-9B27-5E365DA8B869}"
EndProject
Project("{8BC9CEB8-8B4A-11D0-8D11-00A0C91BC942}") = "1093", "1093\1093.vcxproj", "{D2093A61-F72C-41D6-9B22-76BDDCE45E13}"
EndProject
Project("{8BC9CEB8-8B4A-11D0-8D11-00A0C91BC942}") = "1094", "1094\1094.vcxproj", "{EE3D2D73-B49F-4A78-BC75-09BFB292DA5E}"
EndProject
Project("{8BC9CEB8-8B4A-11D0-8D11-00A0C91BC942}") = "1095", "1095\1095.vcxproj", "{0C2AD576-0E9F-4D53-86BA-FB4867D15642}"
EndProject
Project("{8BC9CEB8-8B4A-11D0-8D11-00A0C91BC942}") = "1096", "1096\1096.vcxproj", "{605ABA5B-1504-46C6-AFB3-6E3FB22901FD}"
EndProject
Project("{8BC9CEB8-8B4A-11D0-8D11-00A0C91BC942}") = "1097", "1097\1097.vcxproj", "{8E0E4C37-7DA3-4217-9242-D21CDC4C7960}"
EndProject
Project("{8BC9CEB8-8B4A-11D0-8D11-00A0C91BC942}") = "1098", "1098\1098.vcxproj", "{FE2E8967-FC7C-4D99-873C-2EA16CD8A8CA}"
EndProject
Project("{8BC9CEB8-8B4A-11D0-8D11-00A0C91BC942}") = "1099", "1099\1099.vcxproj", "{6150B90A-8270-4939-9D36-360E69EC40C4}"
EndProject
Global
	GlobalSection(SolutionConfigurationPlatforms) = preSolution
		Debug|x64 = Debug|x64
		Debug|x86 = Debug|x86
		Release|x64 = Release|x64
		Release|x86 = Release|x86
	EndGlobalSection
	GlobalSection(ProjectConfigurationPlatforms) = postSolution
		{3D7F4992-600B-497E-B959-A8626497C407}.Debug|x64.ActiveCfg = Debug|x64
		{3D7F4992-600B-497E-B959-A8626497C407}.Debug|x64.Build.0 = Debug|x64
		{3D7F4992-600B-497E-B959-A8626497C407}.Debug|x86.ActiveCfg = Debug|Win32
		{3D7F4992-600B-497E-B959-A8626497C407}.Debug|x86.Build.0 = Debug|Win32
		{3D7F4992-600B-497E-B959-A8626497C407}.Release|x64.ActiveCfg = Release|x64
		{3D7F4992-600B-497E-B959-A8626497C407}.Release|x64.Build.0 = Release|x64
		{3D7F4992-600B-497E-B959-A8626497C407}.Release|x86.ActiveCfg = Release|Win32
		{3D7F4992-600B-497E-B959-A8626497C407}.Release|x86.Build.0 = Release|Win32
		{BDE52D25-17E3-488B-8383-F01F722233E4}.Debug|x64.ActiveCfg = Debug|x64
		{BDE52D25-17E3-488B-8383-F01F722233E4}.Debug|x64.Build.0 = Debug|x64
		{BDE52D25-17E3-488B-8383-F01F722233E4}.Debug|x86.ActiveCfg = Debug|Win32
		{BDE52D25-17E3-488B-8383-F01F722233E4}.Debug|x86.Build.0 = Debug|Win32
		{BDE52D25-17E3-488B-8383-F01F722233E4}.Release|x64.ActiveCfg = Release|x64
		{BDE52D25-17E3-488B-8383-F01F722233E4}.Release|x64.Build.0 = Release|x64
		{BDE52D25-17E3-488B-8383-F01F722233E4}.Release|x86.ActiveCfg = Release|Win32
		{BDE52D25-17E3-488B-8383-F01F722233E4}.Release|x86.Build.0 = Release|Win32
		{F53F8047-E374-4E36-BC90-D472FF8BFF3B}.Debug|x64.ActiveCfg = Debug|x64
		{F53F8047-E374-4E36-BC90-D472FF8BFF3B}.Debug|x64.Build.0 = Debug|x64
		{F53F8047-E374-4E36-BC90-D472FF8BFF3B}.Debug|x86.ActiveCfg = Debug|Win32
		{F53F8047-E374-4E36-BC90-D472FF8BFF3B}.Debug|x86.Build.0 = Debug|Win32
		{F53F8047-E374-4E36-BC90-D472FF8BFF3B}.Release|x64.ActiveCfg = Release|x64
		{F53F8047-E374-4E36-BC90-D472FF8BFF3B}.Release|x64.Build.0 = Release|x64
		{F53F8047-E374-4E36-BC90-D472FF8BFF3B}.Release|x86.ActiveCfg = Release|Win32
		{F53F8047-E374-4E36-BC90-D472FF8BFF3B}.Release|x86.Build.0 = Release|Win32
		{145BE740-C1E0-4C2F-8DF1-6EB6AF7CA152}.Debug|x64.ActiveCfg = Debug|x64
		{145BE740-C1E0-4C2F-8DF1-6EB6AF7CA152}.Debug|x64.Build.0 = Debug|x64
		{145BE740-C1E0-4C2F-8DF1-6EB6AF7CA152}.Debug|x86.ActiveCfg = Debug|Win32
		{145BE740-C1E0-4C2F-8DF1-6EB6AF7CA152}.Debug|x86.Build.0 = Debug|Win32
		{145BE740-C1E0-4C2F-8DF1-6EB6AF7CA152}.Release|x64.ActiveCfg = Release|x64
		{145BE740-C1E0-4C2F-8DF1-6EB6AF7CA152}.Release|x64.Build.0 = Release|x64
		{145BE740-C1E0-4C2F-8DF1-6EB6AF7CA152}.Release|x86.ActiveCfg = Release|Win32
		{145BE740-C1E0-4C2F-8DF1-6EB6AF7CA152}.Release|x86.Build.0 = Release|Win32
		{9C941E05-9164-414C-A903-EDEE7A8050A8}.Debug|x64.ActiveCfg = Debug|x64
		{9C941E05-9164-414C-A903-EDEE7A8050A8}.Debug|x64.Build.0 = Debug|x64
		{9C941E05-9164-414C-A903-EDEE7A8050A8}.Debug|x86.ActiveCfg = Debug|Win32
		{9C941E05-9164-414C-A903-EDEE7A8050A8}.Debug|x86.Build.0 = Debug|Win32
		{9C941E05-9164-414C-A903-EDEE7A8050A8}.Release|x64.ActiveCfg = Release|x64
		{9C941E05-9164-414C-A903-EDEE7A8050A8}.Release|x64.Build.0 = Release|x64
		{9C941E05-9164-414C-A903-EDEE7A8050A8}.Release|x86.ActiveCfg = Release|Win32
		{9C941E05-9164-414C-A903-EDEE7A8050A8}.Release|x86.Build.0 = Release|Win32
		{C0207DF2-8463-43DA-86B4-0EBF9205FF6F}.Debug|x64.ActiveCfg = Debug|x64
		{C0207DF2-8463-43DA-86B4-0EBF9205FF6F}.Debug|x64.Build.0 = Debug|x64
		{C0207DF2-8463-43DA-86B4-0EBF9205FF6F}.Debug|x86.ActiveCfg = Debug|Win32
		{C0207DF2-8463-43DA-86B4-0EBF9205FF6F}.Debug|x86.Build.0 = Debug|Win32
		{C0207DF2-8463-43DA-86B4-0EBF9205FF6F}.Release|x64.ActiveCfg = Release|x64
		{C0207DF2-8463-43DA-86B4-0EBF9205FF6F}.Release|x64.Build.0 = Release|x64
		{C0207DF2-8463-43DA-86B4-0EBF9205FF6F}.Release|x86.ActiveCfg = Release|Win32
		{C0207DF2-8463-43DA-86B4-0EBF9205FF6F}.Release|x86.Build.0 = Release|Win32
		{3A7F27C5-6085-479C-B036-133696FEAEE7}.Debug|x64.ActiveCfg = Debug|x64
		{3A7F27C5-6085-479C-B036-133696FEAEE7}.Debug|x64.Build.0 = Debug|x64
		{3A7F27C5-6085-479C-B036-133696FEAEE7}.Debug|x86.ActiveCfg = Debug|Win32
		{3A7F27C5-6085-479C-B036-133696FEAEE7}.Debug|x86.Build.0 = Debug|Win32
		{3A7F27C5-6085-479C-B036-133696FEAEE7}.Release|x64.ActiveCfg = Release|x64
		{3A7F27C5-6085-479C-B036-133696FEAEE7}.Release|x64.Build.0 = Release|x64
		{3A7F27C5-6085-479C-B036-133696FEAEE7}.Release|x86.ActiveCfg = Release|Win32
		{3A7F27C5-6085-479C-B036-133696FEAEE7}.Release|x86.Build.0 = Release|Win32
		{EE4D3964-5EDE-46C5-808F-583782D1325F}.Debug|x64.ActiveCfg = Debug|x64
		{EE4D3964-5EDE-46C5-808F-583782D1325F}.Debug|x64.Build.0 = Debug|x64
		{EE4D3964-5EDE-46C5-808F-583782D1325F}.Debug|x86.ActiveCfg = Debug|Win32
		{EE4D3964-5EDE-46C5-808F-583782D1325F}.Debug|x86.Build.0 = Debug|Win32
		{EE4D3964-5EDE-46C5-808F-583782D1325F}.Release|x64.ActiveCfg = Release|x64
		{EE4D3964-5EDE-46C5-808F-583782D1325F}.Release|x64.Build.0 = Release|x64
		{EE4D3964-5EDE-46C5-808F-583782D1325F}.Release|x86.ActiveCfg = Release|Win32
		{EE4D3964-5EDE-46C5-808F-583782D1325F}.Release|x86.Build.0 = Release|Win32
		{64CC3DC1-CDEB-4E6B-B4A3-2C94EE49981F}.Debug|x64.ActiveCfg = Debug|x64
		{64CC3DC1-CDEB-4E6B-B4A3-2C94EE49981F}.Debug|x64.Build.0 = Debug|x64
		{64CC3DC1-CDEB-4E6B-B4A3-2C94EE49981F}.Debug|x86.ActiveCfg = Debug|Win32
		{64CC3DC1-CDEB-4E6B-B4A3-2C94EE49981F}.Debug|x86.Build.0 = Debug|Win32
		{64CC3DC1-CDEB-4E6B-B4A3-2C94EE49981F}.Release|x64.ActiveCfg = Release|x64
		{64CC3DC1-CDEB-4E6B-B4A3-2C94EE49981F}.Release|x64.Build.0 = Release|x64
		{64CC3DC1-CDEB-4E6B-B4A3-2C94EE49981F}.Release|x86.ActiveCfg = Release|Win32
		{64CC3DC1-CDEB-4E6B-B4A3-2C94EE49981F}.Release|x86.Build.0 = Release|Win32
		{3B247D1F-4D35-49F3-B0CC-09290C872283}.Debug|x64.ActiveCfg = Debug|x64
		{3B247D1F-4D35-49F3-B0CC-09290C872283}.Debug|x64.Build.0 = Debug|x64
		{3B247D1F-4D35-49F3-B0CC-09290C872283}.Debug|x86.ActiveCfg = Debug|Win32
		{3B247D1F-4D35-49F3-B0CC-09290C872283}.Debug|x86.Build.0 = Debug|Win32
		{3B247D1F-4D35-49F3-B0CC-09290C872283}.Release|x64.ActiveCfg = Release|x64
		{3B247D1F-4D35-49F3-B0CC-09290C872283}.Release|x64.Build.0 = Release|x64
		{3B247D1F-4D35-49F3-B0CC-09290C872283}.Release|x86.ActiveCfg = Release|Win32
		{3B247D1F-4D35-49F3-B0CC-09290C872283}.Release|x86.Build.0 = Release|Win32
		{65293F0B-B1DC-4451-8A96-8CCCBFDB7345}.Debug|x64.ActiveCfg = Debug|x64
		{65293F0B-B1DC-4451-8A96-8CCCBFDB7345}.Debug|x64.Build.0 = Debug|x64
		{65293F0B-B1DC-4451-8A96-8CCCBFDB7345}.Debug|x86.ActiveCfg = Debug|Win32
		{65293F0B-B1DC-4451-8A96-8CCCBFDB7345}.Debug|x86.Build.0 = Debug|Win32
		{65293F0B-B1DC-4451-8A96-8CCCBFDB7345}.Release|x64.ActiveCfg = Release|x64
		{65293F0B-B1DC-4451-8A96-8CCCBFDB7345}.Release|x64.Build.0 = Release|x64
		{65293F0B-B1DC-4451-8A96-8CCCBFDB7345}.Release|x86.ActiveCfg = Release|Win32
		{65293F0B-B1DC-4451-8A96-8CCCBFDB7345}.Release|x86.Build.0 = Release|Win32
		{3E7E8870-EDB5-4688-B29D-72E06786E960}.Debug|x64.ActiveCfg = Debug|x64
		{3E7E8870-EDB5-4688-B29D-72E06786E960}.Debug|x64.Build.0 = Debug|x64
		{3E7E8870-EDB5-4688-B29D-72E06786E960}.Debug|x86.ActiveCfg = Debug|Win32
		{3E7E8870-EDB5-4688-B29D-72E06786E960}.Debug|x86.Build.0 = Debug|Win32
		{3E7E8870-EDB5-4688-B29D-72E06786E960}.Release|x64.ActiveCfg = Release|x64
		{3E7E8870-EDB5-4688-B29D-72E06786E960}.Release|x64.Build.0 = Release|x64
		{3E7E8870-EDB5-4688-B29D-72E06786E960}.Release|x86.ActiveCfg = Release|Win32
		{3E7E8870-EDB5-4688-B29D-72E06786E960}.Release|x86.Build.0 = Release|Win32
		{30B8C66A-4DED-443C-9670-C3463447E2D5}.Debug|x64.ActiveCfg = Debug|x64
		{30B8C66A-4DED-443C-9670-C3463447E2D5}.Debug|x64.Build.0 = Debug|x64
		{30B8C66A-4DED-443C-9670-C3463447E2D5}.Debug|x86.ActiveCfg = Debug|Win32
		{30B8C66A-4DED-443C-9670-C3463447E2D5}.Debug|x86.Build.0 = Debug|Win32
		{30B8C66A-4DED-443C-9670-C3463447E2D5}.Release|x64.ActiveCfg = Release|x64
		{30B8C66A-4DED-443C-9670-C3463447E2D5}.Release|x64.Build.0 = Release|x64
		{30B8C66A-4DED-443C-9670-C3463447E2D5}.Release|x86.ActiveCfg = Release|Win32
		{30B8C66A-4DED-443C-9670-C3463447E2D5}.Release|x86.Build.0 = Release|Win32
		{B92E16F4-5296-43FC-BC75-CC496621C3A2}.Debug|x64.ActiveCfg = Debug|x64
		{B92E16F4-5296-43FC-BC75-CC496621C3A2}.Debug|x64.Build.0 = Debug|x64
		{B92E16F4-5296-43FC-BC75-CC496621C3A2}.Debug|x86.ActiveCfg = Debug|Win32
		{B92E16F4-5296-43FC-BC75-CC496621C3A2}.Debug|x86.Build.0 = Debug|Win32
		{B92E16F4-5296-43FC-BC75-CC496621C3A2}.Release|x64.ActiveCfg = Release|x64
		{B92E16F4-5296-43FC-BC75-CC496621C3A2}.Release|x64.Build.0 = Release|x64
		{B92E16F4-5296-43FC-BC75-CC496621C3A2}.Release|x86.ActiveCfg = Release|Win32
		{B92E16F4-5296-43FC-BC75-CC496621C3A2}.Release|x86.Build.0 = Release|Win32
		{10470CBD-3024-44D2-B894-0983BEA65A6B}.Debug|x64.ActiveCfg = Debug|x64
		{10470CBD-3024-44D2-B894-0983BEA65A6B}.Debug|x64.Build.0 = Debug|x64
		{10470CBD-3024-44D2-B894-0983BEA65A6B}.Debug|x86.ActiveCfg = Debug|Win32
		{10470CBD-3024-44D2-B894-0983BEA65A6B}.Debug|x86.Build.0 = Debug|Win32
		{10470CBD-3024-44D2-B894-0983BEA65A6B}.Release|x64.ActiveCfg = Release|x64
		{10470CBD-3024-44D2-B894-0983BEA65A6B}.Release|x64.Build.0 = Release|x64
		{10470CBD-3024-44D2-B894-0983BEA65A6B}.Release|x86.ActiveCfg = Release|Win32
		{10470CBD-3024-44D2-B894-0983BEA65A6B}.Release|x86.Build.0 = Release|Win32
		{0CFFB607-C575-4259-AF98-C86DBE2E9669}.Debug|x64.ActiveCfg = Debug|x64
		{0CFFB607-C575-4259-AF98-C86DBE2E9669}.Debug|x64.Build.0 = Debug|x64
		{0CFFB607-C575-4259-AF98-C86DBE2E9669}.Debug|x86.ActiveCfg = Debug|Win32
		{0CFFB607-C575-4259-AF98-C86DBE2E9669}.Debug|x86.Build.0 = Debug|Win32
		{0CFFB607-C575-4259-AF98-C86DBE2E9669}.Release|x64.ActiveCfg = Release|x64
		{0CFFB607-C575-4259-AF98-C86DBE2E9669}.Release|x64.Build.0 = Release|x64
		{0CFFB607-C575-4259-AF98-C86DBE2E9669}.Release|x86.ActiveCfg = Release|Win32
		{0CFFB607-C575-4259-AF98-C86DBE2E9669}.Release|x86.Build.0 = Release|Win32
		{AC5ED473-5C05-4C0B-B896-5D24B08F8F88}.Debug|x64.ActiveCfg = Debug|x64
		{AC5ED473-5C05-4C0B-B896-5D24B08F8F88}.Debug|x64.Build.0 = Debug|x64
		{AC5ED473-5C05-4C0B-B896-5D24B08F8F88}.Debug|x86.ActiveCfg = Debug|Win32
		{AC5ED473-5C05-4C0B-B896-5D24B08F8F88}.Debug|x86.Build.0 = Debug|Win32
		{AC5ED473-5C05-4C0B-B896-5D24B08F8F88}.Release|x64.ActiveCfg = Release|x64
		{AC5ED473-5C05-4C0B-B896-5D24B08F8F88}.Release|x64.Build.0 = Release|x64
		{AC5ED473-5C05-4C0B-B896-5D24B08F8F88}.Release|x86.ActiveCfg = Release|Win32
		{AC5ED473-5C05-4C0B-B896-5D24B08F8F88}.Release|x86.Build.0 = Release|Win32
		{65C6AA94-9AC3-49C8-AE82-059FAE02AB78}.Debug|x64.ActiveCfg = Debug|x64
		{65C6AA94-9AC3-49C8-AE82-059FAE02AB78}.Debug|x64.Build.0 = Debug|x64
		{65C6AA94-9AC3-49C8-AE82-059FAE02AB78}.Debug|x86.ActiveCfg = Debug|Win32
		{65C6AA94-9AC3-49C8-AE82-059FAE02AB78}.Debug|x86.Build.0 = Debug|Win32
		{65C6AA94-9AC3-49C8-AE82-059FAE02AB78}.Release|x64.ActiveCfg = Release|x64
		{65C6AA94-9AC3-49C8-AE82-059FAE02AB78}.Release|x64.Build.0 = Release|x64
		{65C6AA94-9AC3-49C8-AE82-059FAE02AB78}.Release|x86.ActiveCfg = Release|Win32
		{65C6AA94-9AC3-49C8-AE82-059FAE02AB78}.Release|x86.Build.0 = Release|Win32
		{0531B63D-AB26-4847-9712-59332CC0F9D7}.Debug|x64.ActiveCfg = Debug|x64
		{0531B63D-AB26-4847-9712-59332CC0F9D7}.Debug|x64.Build.0 = Debug|x64
		{0531B63D-AB26-4847-9712-59332CC0F9D7}.Debug|x86.ActiveCfg = Debug|Win32
		{0531B63D-AB26-4847-9712-59332CC0F9D7}.Debug|x86.Build.0 = Debug|Win32
		{0531B63D-AB26-4847-9712-59332CC0F9D7}.Release|x64.ActiveCfg = Release|x64
		{0531B63D-AB26-4847-9712-59332CC0F9D7}.Release|x64.Build.0 = Release|x64
		{0531B63D-AB26-4847-9712-59332CC0F9D7}.Release|x86.ActiveCfg = Release|Win32
		{0531B63D-AB26-4847-9712-59332CC0F9D7}.Release|x86.Build.0 = Release|Win32
		{F2B2D73D-02AA-4959-B480-032B9C373844}.Debug|x64.ActiveCfg = Debug|x64
		{F2B2D73D-02AA-4959-B480-032B9C373844}.Debug|x64.Build.0 = Debug|x64
		{F2B2D73D-02AA-4959-B480-032B9C373844}.Debug|x86.ActiveCfg = Debug|Win32
		{F2B2D73D-02AA-4959-B480-032B9C373844}.Debug|x86.Build.0 = Debug|Win32
		{F2B2D73D-02AA-4959-B480-032B9C373844}.Release|x64.ActiveCfg = Release|x64
		{F2B2D73D-02AA-4959-B480-032B9C373844}.Release|x64.Build.0 = Release|x64
		{F2B2D73D-02AA-4959-B480-032B9C373844}.Release|x86.ActiveCfg = Release|Win32
		{F2B2D73D-02AA-4959-B480-032B9C373844}.Release|x86.Build.0 = Release|Win32
		{8124B6E2-0056-4B96-AC0D-F2878EC199AA}.Debug|x64.ActiveCfg = Debug|x64
		{8124B6E2-0056-4B96-AC0D-F2878EC199AA}.Debug|x64.Build.0 = Debug|x64
		{8124B6E2-0056-4B96-AC0D-F2878EC199AA}.Debug|x86.ActiveCfg = Debug|Win32
		{8124B6E2-0056-4B96-AC0D-F2878EC199AA}.Debug|x86.Build.0 = Debug|Win32
		{8124B6E2-0056-4B96-AC0D-F2878EC199AA}.Release|x64.ActiveCfg = Release|x64
		{8124B6E2-0056-4B96-AC0D-F2878EC199AA}.Release|x64.Build.0 = Release|x64
		{8124B6E2-0056-4B96-AC0D-F2878EC199AA}.Release|x86.ActiveCfg = Release|Win32
		{8124B6E2-0056-4B96-AC0D-F2878EC199AA}.Release|x86.Build.0 = Release|Win32
		{85ADC44D-64E9-4BB0-BCD5-AAAD15473C51}.Debug|x64.ActiveCfg = Debug|x64
		{85ADC44D-64E9-4BB0-BCD5-AAAD15473C51}.Debug|x64.Build.0 = Debug|x64
		{85ADC44D-64E9-4BB0-BCD5-AAAD15473C51}.Debug|x86.ActiveCfg = Debug|Win32
		{85ADC44D-64E9-4BB0-BCD5-AAAD15473C51}.Debug|x86.Build.0 = Debug|Win32
		{85ADC44D-64E9-4BB0-BCD5-AAAD15473C51}.Release|x64.ActiveCfg = Release|x64
		{85ADC44D-64E9-4BB0-BCD5-AAAD15473C51}.Release|x64.Build.0 = Release|x64
		{85ADC44D-64E9-4BB0-BCD5-AAAD15473C51}.Release|x86.ActiveCfg = Release|Win32
		{85ADC44D-64E9-4BB0-BCD5-AAAD15473C51}.Release|x86.Build.0 = Release|Win32
		{DC2F5C04-3BBE-4C6D-A4C4-CD5B811615AF}.Debug|x64.ActiveCfg = Debug|x64
		{DC2F5C04-3BBE-4C6D-A4C4-CD5B811615AF}.Debug|x64.Build.0 = Debug|x64
		{DC2F5C04-3BBE-4C6D-A4C4-CD5B811615AF}.Debug|x86.ActiveCfg = Debug|Win32
		{DC2F5C04-3BBE-4C6D-A4C4-CD5B811615AF}.Debug|x86.Build.0 = Debug|Win32
		{DC2F5C04-3BBE-4C6D-A4C4-CD5B811615AF}.Release|x64.ActiveCfg = Release|x64
		{DC2F5C04-3BBE-4C6D-A4C4-CD5B811615AF}.Release|x64.Build.0 = Release|x64
		{DC2F5C04-3BBE-4C6D-A4C4-CD5B811615AF}.Release|x86.ActiveCfg = Release|Win32
		{DC2F5C04-3BBE-4C6D-A4C4-CD5B811615AF}.Release|x86.Build.0 = Release|Win32
		{0712FEAD-9A40-4949-BDE2-304FCF2FF48E}.Debug|x64.ActiveCfg = Debug|x64
		{0712FEAD-9A40-4949-BDE2-304FCF2FF48E}.Debug|x64.Build.0 = Debug|x64
		{0712FEAD-9A40-4949-BDE2-304FCF2FF48E}.Debug|x86.ActiveCfg = Debug|Win32
		{0712FEAD-9A40-4949-BDE2-304FCF2FF48E}.Debug|x86.Build.0 = Debug|Win32
		{0712FEAD-9A40-4949-BDE2-304FCF2FF48E}.Release|x64.ActiveCfg = Release|x64
		{0712FEAD-9A40-4949-BDE2-304FCF2FF48E}.Release|x64.Build.0 = Release|x64
		{0712FEAD-9A40-4949-BDE2-304FCF2FF48E}.Release|x86.ActiveCfg = Release|Win32
		{0712FEAD-9A40-4949-BDE2-304FCF2FF48E}.Release|x86.Build.0 = Release|Win32
		{CA9380CF-6FEB-4070-B74D-D1C2F0EC031D}.Debug|x64.ActiveCfg = Debug|x64
		{CA9380CF-6FEB-4070-B74D-D1C2F0EC031D}.Debug|x64.Build.0 = Debug|x64
		{CA9380CF-6FEB-4070-B74D-D1C2F0EC031D}.Debug|x86.ActiveCfg = Debug|Win32
		{CA9380CF-6FEB-4070-B74D-D1C2F0EC031D}.Debug|x86.Build.0 = Debug|Win32
		{CA9380CF-6FEB-4070-B74D-D1C2F0EC031D}.Release|x64.ActiveCfg = Release|x64
		{CA9380CF-6FEB-4070-B74D-D1C2F0EC031D}.Release|x64.Build.0 = Release|x64
		{CA9380CF-6FEB-4070-B74D-D1C2F0EC031D}.Release|x86.ActiveCfg = Release|Win32
		{CA9380CF-6FEB-4070-B74D-D1C2F0EC031D}.Release|x86.Build.0 = Release|Win32
		{15EFC10A-96F5-410D-8E2A-EA52A051C96A}.Debug|x64.ActiveCfg = Debug|x64
		{15EFC10A-96F5-410D-8E2A-EA52A051C96A}.Debug|x64.Build.0 = Debug|x64
		{15EFC10A-96F5-410D-8E2A-EA52A051C96A}.Debug|x86.ActiveCfg = Debug|Win32
		{15EFC10A-96F5-410D-8E2A-EA52A051C96A}.Debug|x86.Build.0 = Debug|Win32
		{15EFC10A-96F5-410D-8E2A-EA52A051C96A}.Release|x64.ActiveCfg = Release|x64
		{15EFC10A-96F5-410D-8E2A-EA52A051C96A}.Release|x64.Build.0 = Release|x64
		{15EFC10A-96F5-410D-8E2A-EA52A051C96A}.Release|x86.ActiveCfg = Release|Win32
		{15EFC10A-96F5-410D-8E2A-EA52A051C96A}.Release|x86.Build.0 = Release|Win32
		{D3F86145-8A97-429A-98E8-F917B2981183}.Debug|x64.ActiveCfg = Debug|x64
		{D3F86145-8A97-429A-98E8-F917B2981183}.Debug|x64.Build.0 = Debug|x64
		{D3F86145-8A97-429A-98E8-F917B2981183}.Debug|x86.ActiveCfg = Debug|Win32
		{D3F86145-8A97-429A-98E8-F917B2981183}.Debug|x86.Build.0 = Debug|Win32
		{D3F86145-8A97-429A-98E8-F917B2981183}.Release|x64.ActiveCfg = Release|x64
		{D3F86145-8A97-429A-98E8-F917B2981183}.Release|x64.Build.0 = Release|x64
		{D3F86145-8A97-429A-98E8-F917B2981183}.Release|x86.ActiveCfg = Release|Win32
		{D3F86145-8A97-429A-98E8-F917B2981183}.Release|x86.Build.0 = Release|Win32
		{8632C8DB-CEFE-46DA-9C9C-ADB49A904D8D}.Debug|x64.ActiveCfg = Debug|x64
		{8632C8DB-CEFE-46DA-9C9C-ADB49A904D8D}.Debug|x64.Build.0 = Debug|x64
		{8632C8DB-CEFE-46DA-9C9C-ADB49A904D8D}.Debug|x86.ActiveCfg = Debug|Win32
		{8632C8DB-CEFE-46DA-9C9C-ADB49A904D8D}.Debug|x86.Build.0 = Debug|Win32
		{8632C8DB-CEFE-46DA-9C9C-ADB49A904D8D}.Release|x64.ActiveCfg = Release|x64
		{8632C8DB-CEFE-46DA-9C9C-ADB49A904D8D}.Release|x64.Build.0 = Release|x64
		{8632C8DB-CEFE-46DA-9C9C-ADB49A904D8D}.Release|x86.ActiveCfg = Release|Win32
		{8632C8DB-CEFE-46DA-9C9C-ADB49A904D8D}.Release|x86.Build.0 = Release|Win32
		{F4F1CBAA-483D-470F-8E12-68BCE150115D}.Debug|x64.ActiveCfg = Debug|x64
		{F4F1CBAA-483D-470F-8E12-68BCE150115D}.Debug|x64.Build.0 = Debug|x64
		{F4F1CBAA-483D-470F-8E12-68BCE150115D}.Debug|x86.ActiveCfg = Debug|Win32
		{F4F1CBAA-483D-470F-8E12-68BCE150115D}.Debug|x86.Build.0 = Debug|Win32
		{F4F1CBAA-483D-470F-8E12-68BCE150115D}.Release|x64.ActiveCfg = Release|x64
		{F4F1CBAA-483D-470F-8E12-68BCE150115D}.Release|x64.Build.0 = Release|x64
		{F4F1CBAA-483D-470F-8E12-68BCE150115D}.Release|x86.ActiveCfg = Release|Win32
		{F4F1CBAA-483D-470F-8E12-68BCE150115D}.Release|x86.Build.0 = Release|Win32
		{C950979F-F550-481C-983E-7DF4EF6A5AA5}.Debug|x64.ActiveCfg = Debug|x64
		{C950979F-F550-481C-983E-7DF4EF6A5AA5}.Debug|x64.Build.0 = Debug|x64
		{C950979F-F550-481C-983E-7DF4EF6A5AA5}.Debug|x86.ActiveCfg = Debug|Win32
		{C950979F-F550-481C-983E-7DF4EF6A5AA5}.Debug|x86.Build.0 = Debug|Win32
		{C950979F-F550-481C-983E-7DF4EF6A5AA5}.Release|x64.ActiveCfg = Release|x64
		{C950979F-F550-481C-983E-7DF4EF6A5AA5}.Release|x64.Build.0 = Release|x64
		{C950979F-F550-481C-983E-7DF4EF6A5AA5}.Release|x86.ActiveCfg = Release|Win32
		{C950979F-F550-481C-983E-7DF4EF6A5AA5}.Release|x86.Build.0 = Release|Win32
		{8C595F7E-DCD1-4FA7-97CD-B9617CDD5C38}.Debug|x64.ActiveCfg = Debug|x64
		{8C595F7E-DCD1-4FA7-97CD-B9617CDD5C38}.Debug|x64.Build.0 = Debug|x64
		{8C595F7E-DCD1-4FA7-97CD-B9617CDD5C38}.Debug|x86.ActiveCfg = Debug|Win32
		{8C595F7E-DCD1-4FA7-97CD-B9617CDD5C38}.Debug|x86.Build.0 = Debug|Win32
		{8C595F7E-DCD1-4FA7-97CD-B9617CDD5C38}.Release|x64.ActiveCfg = Release|x64
		{8C595F7E-DCD1-4FA7-97CD-B9617CDD5C38}.Release|x64.Build.0 = Release|x64
		{8C595F7E-DCD1-4FA7-97CD-B9617CDD5C38}.Release|x86.ActiveCfg = Release|Win32
		{8C595F7E-DCD1-4FA7-97CD-B9617CDD5C38}.Release|x86.Build.0 = Release|Win32
		{4C92F512-4610-4C26-AF7F-26908C12718D}.Debug|x64.ActiveCfg = Debug|x64
		{4C92F512-4610-4C26-AF7F-26908C12718D}.Debug|x64.Build.0 = Debug|x64
		{4C92F512-4610-4C26-AF7F-26908C12718D}.Debug|x86.ActiveCfg = Debug|Win32
		{4C92F512-4610-4C26-AF7F-26908C12718D}.Debug|x86.Build.0 = Debug|Win32
		{4C92F512-4610-4C26-AF7F-26908C12718D}.Release|x64.ActiveCfg = Release|x64
		{4C92F512-4610-4C26-AF7F-26908C12718D}.Release|x64.Build.0 = Release|x64
		{4C92F512-4610-4C26-AF7F-26908C12718D}.Release|x86.ActiveCfg = Release|Win32
		{4C92F512-4610-4C26-AF7F-26908C12718D}.Release|x86.Build.0 = Release|Win32
		{2E17F43C-40EF-4A39-B445-4BA68CCE0EB1}.Debug|x64.ActiveCfg = Debug|x64
		{2E17F43C-40EF-4A39-B445-4BA68CCE0EB1}.Debug|x64.Build.0 = Debug|x64
		{2E17F43C-40EF-4A39-B445-4BA68CCE0EB1}.Debug|x86.ActiveCfg = Debug|Win32
		{2E17F43C-40EF-4A39-B445-4BA68CCE0EB1}.Debug|x86.Build.0 = Debug|Win32
		{2E17F43C-40EF-4A39-B445-4BA68CCE0EB1}.Release|x64.ActiveCfg = Release|x64
		{2E17F43C-40EF-4A39-B445-4BA68CCE0EB1}.Release|x64.Build.0 = Release|x64
		{2E17F43C-40EF-4A39-B445-4BA68CCE0EB1}.Release|x86.ActiveCfg = Release|Win32
		{2E17F43C-40EF-4A39-B445-4BA68CCE0EB1}.Release|x86.Build.0 = Release|Win32
		{B6231CE1-1BCF-4C2D-8008-62D2BA53EF18}.Debug|x64.ActiveCfg = Debug|x64
		{B6231CE1-1BCF-4C2D-8008-62D2BA53EF18}.Debug|x64.Build.0 = Debug|x64
		{B6231CE1-1BCF-4C2D-8008-62D2BA53EF18}.Debug|x86.ActiveCfg = Debug|Win32
		{B6231CE1-1BCF-4C2D-8008-62D2BA53EF18}.Debug|x86.Build.0 = Debug|Win32
		{B6231CE1-1BCF-4C2D-8008-62D2BA53EF18}.Release|x64.ActiveCfg = Release|x64
		{B6231CE1-1BCF-4C2D-8008-62D2BA53EF18}.Release|x64.Build.0 = Release|x64
		{B6231CE1-1BCF-4C2D-8008-62D2BA53EF18}.Release|x86.ActiveCfg = Release|Win32
		{B6231CE1-1BCF-4C2D-8008-62D2BA53EF18}.Release|x86.Build.0 = Release|Win32
		{4DDF2CD5-F2A9-4355-A3C7-F45A8D5839C4}.Debug|x64.ActiveCfg = Debug|x64
		{4DDF2CD5-F2A9-4355-A3C7-F45A8D5839C4}.Debug|x64.Build.0 = Debug|x64
		{4DDF2CD5-F2A9-4355-A3C7-F45A8D5839C4}.Debug|x86.ActiveCfg = Debug|Win32
		{4DDF2CD5-F2A9-4355-A3C7-F45A8D5839C4}.Debug|x86.Build.0 = Debug|Win32
		{4DDF2CD5-F2A9-4355-A3C7-F45A8D5839C4}.Release|x64.ActiveCfg = Release|x64
		{4DDF2CD5-F2A9-4355-A3C7-F45A8D5839C4}.Release|x64.Build.0 = Release|x64
		{4DDF2CD5-F2A9-4355-A3C7-F45A8D5839C4}.Release|x86.ActiveCfg = Release|Win32
		{4DDF2CD5-F2A9-4355-A3C7-F45A8D5839C4}.Release|x86.Build.0 = Release|Win32
		{BB729644-0B64-404D-BDF4-C440609BD8C0}.Debug|x64.ActiveCfg = Debug|x64
		{BB729644-0B64-404D-BDF4-C440609BD8C0}.Debug|x64.Build.0 = Debug|x64
		{BB729644-0B64-404D-BDF4-C440609BD8C0}.Debug|x86.ActiveCfg = Debug|Win32
		{BB729644-0B64-404D-BDF4-C440609BD8C0}.Debug|x86.Build.0 = Debug|Win32
		{BB729644-0B64-404D-BDF4-C440609BD8C0}.Release|x64.ActiveCfg = Release|x64
		{BB729644-0B64-404D-BDF4-C440609BD8C0}.Release|x64.Build.0 = Release|x64
		{BB729644-0B64-404D-BDF4-C440609BD8C0}.Release|x86.ActiveCfg = Release|Win32
		{BB729644-0B64-404D-BDF4-C440609BD8C0}.Release|x86.Build.0 = Release|Win32
		{7B876070-1640-49B0-BF8C-CDB38EC9A54E}.Debug|x64.ActiveCfg = Debug|x64
		{7B876070-1640-49B0-BF8C-CDB38EC9A54E}.Debug|x64.Build.0 = Debug|x64
		{7B876070-1640-49B0-BF8C-CDB38EC9A54E}.Debug|x86.ActiveCfg = Debug|Win32
		{7B876070-1640-49B0-BF8C-CDB38EC9A54E}.Debug|x86.Build.0 = Debug|Win32
		{7B876070-1640-49B0-BF8C-CDB38EC9A54E}.Release|x64.ActiveCfg = Release|x64
		{7B876070-1640-49B0-BF8C-CDB38EC9A54E}.Release|x64.Build.0 = Release|x64
		{7B876070-1640-49B0-BF8C-CDB38EC9A54E}.Release|x86.ActiveCfg = Release|Win32
		{7B876070-1640-49B0-BF8C-CDB38EC9A54E}.Release|x86.Build.0 = Release|Win32
		{9FA7AB40-6DAA-4081-83CF-1B68C6782226}.Debug|x64.ActiveCfg = Debug|x64
		{9FA7AB40-6DAA-4081-83CF-1B68C6782226}.Debug|x64.Build.0 = Debug|x64
		{9FA7AB40-6DAA-4081-83CF-1B68C6782226}.Debug|x86.ActiveCfg = Debug|Win32
		{9FA7AB40-6DAA-4081-83CF-1B68C6782226}.Debug|x86.Build.0 = Debug|Win32
		{9FA7AB40-6DAA-4081-83CF-1B68C6782226}.Release|x64.ActiveCfg = Release|x64
		{9FA7AB40-6DAA-4081-83CF-1B68C6782226}.Release|x64.Build.0 = Release|x64
		{9FA7AB40-6DAA-4081-83CF-1B68C6782226}.Release|x86.ActiveCfg = Release|Win32
		{9FA7AB40-6DAA-4081-83CF-1B68C6782226}.Release|x86.Build.0 = Release|Win32
		{920F266F-401F-4D8B-9C78-691AA7946BCC}.Debug|x64.ActiveCfg = Debug|x64
		{920F266F-401F-4D8B-9C78-691AA7946BCC}.Debug|x64.Build.0 = Debug|x64
		{920F266F-401F-4D8B-9C78-691AA7946BCC}.Debug|x86.ActiveCfg = Debug|Win32
		{920F266F-401F-4D8B-9C78-691AA7946BCC}.Debug|x86.Build.0 = Debug|Win32
		{920F266F-401F-4D8B-9C78-691AA7946BCC}.Release|x64.ActiveCfg = Release|x64
		{920F266F-401F-4D8B-9C78-691AA7946BCC}.Release|x64.Build.0 = Release|x64
		{920F266F-401F-4D8B-9C78-691AA7946BCC}.Release|x86.ActiveCfg = Release|Win32
		{920F266F-401F-4D8B-9C78-691AA7946BCC}.Release|x86.Build.0 = Release|Win32
		{28104342-99CB-49F2-ACA7-272BA5118698}.Debug|x64.ActiveCfg = Debug|x64
		{28104342-99CB-49F2-ACA7-272BA5118698}.Debug|x64.Build.0 = Debug|x64
		{28104342-99CB-49F2-ACA7-272BA5118698}.Debug|x86.ActiveCfg = Debug|Win32
		{28104342-99CB-49F2-ACA7-272BA5118698}.Debug|x86.Build.0 = Debug|Win32
		{28104342-99CB-49F2-ACA7-272BA5118698}.Release|x64.ActiveCfg = Release|x64
		{28104342-99CB-49F2-ACA7-272BA5118698}.Release|x64.Build.0 = Release|x64
		{28104342-99CB-49F2-ACA7-272BA5118698}.Release|x86.ActiveCfg = Release|Win32
		{28104342-99CB-49F2-ACA7-272BA5118698}.Release|x86.Build.0 = Release|Win32
		{69FF8B14-C226-4421-98F4-1480DFBB6EBC}.Debug|x64.ActiveCfg = Debug|x64
		{69FF8B14-C226-4421-98F4-1480DFBB6EBC}.Debug|x64.Build.0 = Debug|x64
		{69FF8B14-C226-4421-98F4-1480DFBB6EBC}.Debug|x86.ActiveCfg = Debug|Win32
		{69FF8B14-C226-4421-98F4-1480DFBB6EBC}.Debug|x86.Build.0 = Debug|Win32
		{69FF8B14-C226-4421-98F4-1480DFBB6EBC}.Release|x64.ActiveCfg = Release|x64
		{69FF8B14-C226-4421-98F4-1480DFBB6EBC}.Release|x64.Build.0 = Release|x64
		{69FF8B14-C226-4421-98F4-1480DFBB6EBC}.Release|x86.ActiveCfg = Release|Win32
		{69FF8B14-C226-4421-98F4-1480DFBB6EBC}.Release|x86.Build.0 = Release|Win32
		{E442C522-A550-4DFA-B57F-B6BCEFA96FB6}.Debug|x64.ActiveCfg = Debug|x64
		{E442C522-A550-4DFA-B57F-B6BCEFA96FB6}.Debug|x64.Build.0 = Debug|x64
		{E442C522-A550-4DFA-B57F-B6BCEFA96FB6}.Debug|x86.ActiveCfg = Debug|Win32
		{E442C522-A550-4DFA-B57F-B6BCEFA96FB6}.Debug|x86.Build.0 = Debug|Win32
		{E442C522-A550-4DFA-B57F-B6BCEFA96FB6}.Release|x64.ActiveCfg = Release|x64
		{E442C522-A550-4DFA-B57F-B6BCEFA96FB6}.Release|x64.Build.0 = Release|x64
		{E442C522-A550-4DFA-B57F-B6BCEFA96FB6}.Release|x86.ActiveCfg = Release|Win32
		{E442C522-A550-4DFA-B57F-B6BCEFA96FB6}.Release|x86.Build.0 = Release|Win32
		{E161C7E0-DD8C-413D-9272-BC60FFD365AE}.Debug|x64.ActiveCfg = Debug|x64
		{E161C7E0-DD8C-413D-9272-BC60FFD365AE}.Debug|x64.Build.0 = Debug|x64
		{E161C7E0-DD8C-413D-9272-BC60FFD365AE}.Debug|x86.ActiveCfg = Debug|Win32
		{E161C7E0-DD8C-413D-9272-BC60FFD365AE}.Debug|x86.Build.0 = Debug|Win32
		{E161C7E0-DD8C-413D-9272-BC60FFD365AE}.Release|x64.ActiveCfg = Release|x64
		{E161C7E0-DD8C-413D-9272-BC60FFD365AE}.Release|x64.Build.0 = Release|x64
		{E161C7E0-DD8C-413D-9272-BC60FFD365AE}.Release|x86.ActiveCfg = Release|Win32
		{E161C7E0-DD8C-413D-9272-BC60FFD365AE}.Release|x86.Build.0 = Release|Win32
		{BAB51777-B1CE-457B-8986-B5433DC9C9C4}.Debug|x64.ActiveCfg = Debug|x64
		{BAB51777-B1CE-457B-8986-B5433DC9C9C4}.Debug|x64.Build.0 = Debug|x64
		{BAB51777-B1CE-457B-8986-B5433DC9C9C4}.Debug|x86.ActiveCfg = Debug|Win32
		{BAB51777-B1CE-457B-8986-B5433DC9C9C4}.Debug|x86.Build.0 = Debug|Win32
		{BAB51777-B1CE-457B-8986-B5433DC9C9C4}.Release|x64.ActiveCfg = Release|x64
		{BAB51777-B1CE-457B-8986-B5433DC9C9C4}.Release|x64.Build.0 = Release|x64
		{BAB51777-B1CE-457B-8986-B5433DC9C9C4}.Release|x86.ActiveCfg = Release|Win32
		{BAB51777-B1CE-457B-8986-B5433DC9C9C4}.Release|x86.Build.0 = Release|Win32
		{30E328F5-EB46-49AD-8A66-1EC3520358D4}.Debug|x64.ActiveCfg = Debug|x64
		{30E328F5-EB46-49AD-8A66-1EC3520358D4}.Debug|x64.Build.0 = Debug|x64
		{30E328F5-EB46-49AD-8A66-1EC3520358D4}.Debug|x86.ActiveCfg = Debug|Win32
		{30E328F5-EB46-49AD-8A66-1EC3520358D4}.Debug|x86.Build.0 = Debug|Win32
		{30E328F5-EB46-49AD-8A66-1EC3520358D4}.Release|x64.ActiveCfg = Release|x64
		{30E328F5-EB46-49AD-8A66-1EC3520358D4}.Release|x64.Build.0 = Release|x64
		{30E328F5-EB46-49AD-8A66-1EC3520358D4}.Release|x86.ActiveCfg = Release|Win32
		{30E328F5-EB46-49AD-8A66-1EC3520358D4}.Release|x86.Build.0 = Release|Win32
		{8F3B64F4-ECFB-4650-B2BB-3E268D031BF8}.Debug|x64.ActiveCfg = Debug|x64
		{8F3B64F4-ECFB-4650-B2BB-3E268D031BF8}.Debug|x64.Build.0 = Debug|x64
		{8F3B64F4-ECFB-4650-B2BB-3E268D031BF8}.Debug|x86.ActiveCfg = Debug|Win32
		{8F3B64F4-ECFB-4650-B2BB-3E268D031BF8}.Debug|x86.Build.0 = Debug|Win32
		{8F3B64F4-ECFB-4650-B2BB-3E268D031BF8}.Release|x64.ActiveCfg = Release|x64
		{8F3B64F4-ECFB-4650-B2BB-3E268D031BF8}.Release|x64.Build.0 = Release|x64
		{8F3B64F4-ECFB-4650-B2BB-3E268D031BF8}.Release|x86.ActiveCfg = Release|Win32
		{8F3B64F4-ECFB-4650-B2BB-3E268D031BF8}.Release|x86.Build.0 = Release|Win32
		{6EC6900D-438B-439E-B072-218D502A585E}.Debug|x64.ActiveCfg = Debug|x64
		{6EC6900D-438B-439E-B072-218D502A585E}.Debug|x64.Build.0 = Debug|x64
		{6EC6900D-438B-439E-B072-218D502A585E}.Debug|x86.ActiveCfg = Debug|Win32
		{6EC6900D-438B-439E-B072-218D502A585E}.Debug|x86.Build.0 = Debug|Win32
		{6EC6900D-438B-439E-B072-218D502A585E}.Release|x64.ActiveCfg = Release|x64
		{6EC6900D-438B-439E-B072-218D502A585E}.Release|x64.Build.0 = Release|x64
		{6EC6900D-438B-439E-B072-218D502A585E}.Release|x86.ActiveCfg = Release|Win32
		{6EC6900D-438B-439E-B072-218D502A585E}.Release|x86.Build.0 = Release|Win32
		{7F715724-1659-46F2-B279-7B02A0E3C359}.Debug|x64.ActiveCfg = Debug|x64
		{7F715724-1659-46F2-B279-7B02A0E3C359}.Debug|x64.Build.0 = Debug|x64
		{7F715724-1659-46F2-B279-7B02A0E3C359}.Debug|x86.ActiveCfg = Debug|Win32
		{7F715724-1659-46F2-B279-7B02A0E3C359}.Debug|x86.Build.0 = Debug|Win32
		{7F715724-1659-46F2-B279-7B02A0E3C359}.Release|x64.ActiveCfg = Release|x64
		{7F715724-1659-46F2-B279-7B02A0E3C359}.Release|x64.Build.0 = Release|x64
		{7F715724-1659-46F2-B279-7B02A0E3C359}.Release|x86.ActiveCfg = Release|Win32
		{7F715724-1659-46F2-B279-7B02A0E3C359}.Release|x86.Build.0 = Release|Win32
		{44C09346-66DD-420D-AAD1-A1187744EB78}.Debug|x64.ActiveCfg = Debug|x64
		{44C09346-66DD-420D-AAD1-A1187744EB78}.Debug|x64.Build.0 = Debug|x64
		{44C09346-66DD-420D-AAD1-A1187744EB78}.Debug|x86.ActiveCfg = Debug|Win32
		{44C09346-66DD-420D-AAD1-A1187744EB78}.Debug|x86.Build.0 = Debug|Win32
		{44C09346-66DD-420D-AAD1-A1187744EB78}.Release|x64.ActiveCfg = Release|x64
		{44C09346-66DD-420D-AAD1-A1187744EB78}.Release|x64.Build.0 = Release|x64
		{44C09346-66DD-420D-AAD1-A1187744EB78}.Release|x86.ActiveCfg = Release|Win32
		{44C09346-66DD-420D-AAD1-A1187744EB78}.Release|x86.Build.0 = Release|Win32
		{26AD8E93-11FA-4C1E-8AF0-321F80B0AF3B}.Debug|x64.ActiveCfg = Debug|x64
		{26AD8E93-11FA-4C1E-8AF0-321F80B0AF3B}.Debug|x64.Build.0 = Debug|x64
		{26AD8E93-11FA-4C1E-8AF0-321F80B0AF3B}.Debug|x86.ActiveCfg = Debug|Win32
		{26AD8E93-11FA-4C1E-8AF0-321F80B0AF3B}.Debug|x86.Build.0 = Debug|Win32
		{26AD8E93-11FA-4C1E-8AF0-321F80B0AF3B}.Release|x64.ActiveCfg = Release|x64
		{26AD8E93-11FA-4C1E-8AF0-321F80B0AF3B}.Release|x64.Build.0 = Release|x64
		{26AD8E93-11FA-4C1E-8AF0-321F80B0AF3B}.Release|x86.ActiveCfg = Release|Win32
		{26AD8E93-11FA-4C1E-8AF0-321F80B0AF3B}.Release|x86.Build.0 = Release|Win32
		{A6FC98E8-64DD-4384-A49F-E2F47E0F8BC1}.Debug|x64.ActiveCfg = Debug|x64
		{A6FC98E8-64DD-4384-A49F-E2F47E0F8BC1}.Debug|x64.Build.0 = Debug|x64
		{A6FC98E8-64DD-4384-A49F-E2F47E0F8BC1}.Debug|x86.ActiveCfg = Debug|Win32
		{A6FC98E8-64DD-4384-A49F-E2F47E0F8BC1}.Debug|x86.Build.0 = Debug|Win32
		{A6FC98E8-64DD-4384-A49F-E2F47E0F8BC1}.Release|x64.ActiveCfg = Release|x64
		{A6FC98E8-64DD-4384-A49F-E2F47E0F8BC1}.Release|x64.Build.0 = Release|x64
		{A6FC98E8-64DD-4384-A49F-E2F47E0F8BC1}.Release|x86.ActiveCfg = Release|Win32
		{A6FC98E8-64DD-4384-A49F-E2F47E0F8BC1}.Release|x86.Build.0 = Release|Win32
		{6347C281-4C8A-4558-8EF3-1F4D7B6BA165}.Debug|x64.ActiveCfg = Debug|x64
		{6347C281-4C8A-4558-8EF3-1F4D7B6BA165}.Debug|x64.Build.0 = Debug|x64
		{6347C281-4C8A-4558-8EF3-1F4D7B6BA165}.Debug|x86.ActiveCfg = Debug|Win32
		{6347C281-4C8A-4558-8EF3-1F4D7B6BA165}.Debug|x86.Build.0 = Debug|Win32
		{6347C281-4C8A-4558-8EF3-1F4D7B6BA165}.Release|x64.ActiveCfg = Release|x64
		{6347C281-4C8A-4558-8EF3-1F4D7B6BA165}.Release|x64.Build.0 = Release|x64
		{6347C281-4C8A-4558-8EF3-1F4D7B6BA165}.Release|x86.ActiveCfg = Release|Win32
		{6347C281-4C8A-4558-8EF3-1F4D7B6BA165}.Release|x86.Build.0 = Release|Win32
		{FC86AEF6-746A-421C-8148-BCA630030A32}.Debug|x64.ActiveCfg = Debug|x64
		{FC86AEF6-746A-421C-8148-BCA630030A32}.Debug|x64.Build.0 = Debug|x64
		{FC86AEF6-746A-421C-8148-BCA630030A32}.Debug|x86.ActiveCfg = Debug|Win32
		{FC86AEF6-746A-421C-8148-BCA630030A32}.Debug|x86.Build.0 = Debug|Win32
		{FC86AEF6-746A-421C-8148-BCA630030A32}.Release|x64.ActiveCfg = Release|x64
		{FC86AEF6-746A-421C-8148-BCA630030A32}.Release|x64.Build.0 = Release|x64
		{FC86AEF6-746A-421C-8148-BCA630030A32}.Release|x86.ActiveCfg = Release|Win32
		{FC86AEF6-746A-421C-8148-BCA630030A32}.Release|x86.Build.0 = Release|Win32
		{927A94DF-FE36-4248-8F27-88516B0A15F8}.Debug|x64.ActiveCfg = Debug|x64
		{927A94DF-FE36-4248-8F27-88516B0A15F8}.Debug|x64.Build.0 = Debug|x64
		{927A94DF-FE36-4248-8F27-88516B0A15F8}.Debug|x86.ActiveCfg = Debug|Win32
		{927A94DF-FE36-4248-8F27-88516B0A15F8}.Debug|x86.Build.0 = Debug|Win32
		{927A94DF-FE36-4248-8F27-88516B0A15F8}.Release|x64.ActiveCfg = Release|x64
		{927A94DF-FE36-4248-8F27-88516B0A15F8}.Release|x64.Build.0 = Release|x64
		{927A94DF-FE36-4248-8F27-88516B0A15F8}.Release|x86.ActiveCfg = Release|Win32
		{927A94DF-FE36-4248-8F27-88516B0A15F8}.Release|x86.Build.0 = Release|Win32
		{51E2B065-F071-491B-B5A4-990DCC103B57}.Debug|x64.ActiveCfg = Debug|x64
		{51E2B065-F071-491B-B5A4-990DCC103B57}.Debug|x64.Build.0 = Debug|x64
		{51E2B065-F071-491B-B5A4-990DCC103B57}.Debug|x86.ActiveCfg = Debug|Win32
		{51E2B065-F071-491B-B5A4-990DCC103B57}.Debug|x86.Build.0 = Debug|Win32
		{51E2B065-F071-491B-B5A4-990DCC103B57}.Release|x64.ActiveCfg = Release|x64
		{51E2B065-F071-491B-B5A4-990DCC103B57}.Release|x64.Build.0 = Release|x64
		{51E2B065-F071-491B-B5A4-990DCC103B57}.Release|x86.ActiveCfg = Release|Win32
		{51E2B065-F071-491B-B5A4-990DCC103B57}.Release|x86.Build.0 = Release|Win32
		{35DB73B6-D471-4DDF-92BA-193FA63BAADD}.Debug|x64.ActiveCfg = Debug|x64
		{35DB73B6-D471-4DDF-92BA-193FA63BAADD}.Debug|x64.Build.0 = Debug|x64
		{35DB73B6-D471-4DDF-92BA-193FA63BAADD}.Debug|x86.ActiveCfg = Debug|Win32
		{35DB73B6-D471-4DDF-92BA-193FA63BAADD}.Debug|x86.Build.0 = Debug|Win32
		{35DB73B6-D471-4DDF-92BA-193FA63BAADD}.Release|x64.ActiveCfg = Release|x64
		{35DB73B6-D471-4DDF-92BA-193FA63BAADD}.Release|x64.Build.0 = Release|x64
		{35DB73B6-D471-4DDF-92BA-193FA63BAADD}.Release|x86.ActiveCfg = Release|Win32
		{35DB73B6-D471-4DDF-92BA-193FA63BAADD}.Release|x86.Build.0 = Release|Win32
		{77738F19-52E1-4A77-936B-28FF629729BF}.Debug|x64.ActiveCfg = Debug|x64
		{77738F19-52E1-4A77-936B-28FF629729BF}.Debug|x64.Build.0 = Debug|x64
		{77738F19-52E1-4A77-936B-28FF629729BF}.Debug|x86.ActiveCfg = Debug|Win32
		{77738F19-52E1-4A77-936B-28FF629729BF}.Debug|x86.Build.0 = Debug|Win32
		{77738F19-52E1-4A77-936B-28FF629729BF}.Release|x64.ActiveCfg = Release|x64
		{77738F19-52E1-4A77-936B-28FF629729BF}.Release|x64.Build.0 = Release|x64
		{77738F19-52E1-4A77-936B-28FF629729BF}.Release|x86.ActiveCfg = Release|Win32
		{77738F19-52E1-4A77-936B-28FF629729BF}.Release|x86.Build.0 = Release|Win32
		{1D3BA28A-B8E6-4F32-91F9-AF25F887DAB2}.Debug|x64.ActiveCfg = Debug|x64
		{1D3BA28A-B8E6-4F32-91F9-AF25F887DAB2}.Debug|x64.Build.0 = Debug|x64
		{1D3BA28A-B8E6-4F32-91F9-AF25F887DAB2}.Debug|x86.ActiveCfg = Debug|Win32
		{1D3BA28A-B8E6-4F32-91F9-AF25F887DAB2}.Debug|x86.Build.0 = Debug|Win32
		{1D3BA28A-B8E6-4F32-91F9-AF25F887DAB2}.Release|x64.ActiveCfg = Release|x64
		{1D3BA28A-B8E6-4F32-91F9-AF25F887DAB2}.Release|x64.Build.0 = Release|x64
		{1D3BA28A-B8E6-4F32-91F9-AF25F887DAB2}.Release|x86.ActiveCfg = Release|Win32
		{1D3BA28A-B8E6-4F32-91F9-AF25F887DAB2}.Release|x86.Build.0 = Release|Win32
		{36FEE53B-A3E7-4156-978B-0D18A2BBA634}.Debug|x64.ActiveCfg = Debug|x64
		{36FEE53B-A3E7-4156-978B-0D18A2BBA634}.Debug|x64.Build.0 = Debug|x64
		{36FEE53B-A3E7-4156-978B-0D18A2BBA634}.Debug|x86.ActiveCfg = Debug|Win32
		{36FEE53B-A3E7-4156-978B-0D18A2BBA634}.Debug|x86.Build.0 = Debug|Win32
		{36FEE53B-A3E7-4156-978B-0D18A2BBA634}.Release|x64.ActiveCfg = Release|x64
		{36FEE53B-A3E7-4156-978B-0D18A2BBA634}.Release|x64.Build.0 = Release|x64
		{36FEE53B-A3E7-4156-978B-0D18A2BBA634}.Release|x86.ActiveCfg = Release|Win32
		{36FEE53B-A3E7-4156-978B-0D18A2BBA634}.Release|x86.Build.0 = Release|Win32
		{E2E1362C-EE6F-4D0A-B971-975C4A4F71D3}.Debug|x64.ActiveCfg = Debug|x64
		{E2E1362C-EE6F-4D0A-B971-975C4A4F71D3}.Debug|x64.Build.0 = Debug|x64
		{E2E1362C-EE6F-4D0A-B971-975C4A4F71D3}.Debug|x86.ActiveCfg = Debug|Win32
		{E2E1362C-EE6F-4D0A-B971-975C4A4F71D3}.Debug|x86.Build.0 = Debug|Win32
		{E2E1362C-EE6F-4D0A-B971-975C4A4F71D3}.Release|x64.ActiveCfg = Release|x64
		{E2E1362C-EE6F-4D0A-B971-975C4A4F71D3}.Release|x64.Build.0 = Release|x64
		{E2E1362C-EE6F-4D0A-B971-975C4A4F71D3}.Release|x86.ActiveCfg = Release|Win32
		{E2E1362C-EE6F-4D0A-B971-975C4A4F71D3}.Release|x86.Build.0 = Release|Win32
		{95879853-26C9-4E87-A6CA-E103F0E0C6B3}.Debug|x64.ActiveCfg = Debug|x64
		{95879853-26C9-4E87-A6CA-E103F0E0C6B3}.Debug|x64.Build.0 = Debug|x64
		{95879853-26C9-4E87-A6CA-E103F0E0C6B3}.Debug|x86.ActiveCfg = Debug|Win32
		{95879853-26C9-4E87-A6CA-E103F0E0C6B3}.Debug|x86.Build.0 = Debug|Win32
		{95879853-26C9-4E87-A6CA-E103F0E0C6B3}.Release|x64.ActiveCfg = Release|x64
		{95879853-26C9-4E87-A6CA-E103F0E0C6B3}.Release|x64.Build.0 = Release|x64
		{95879853-26C9-4E87-A6CA-E103F0E0C6B3}.Release|x86.ActiveCfg = Release|Win32
		{95879853-26C9-4E87-A6CA-E103F0E0C6B3}.Release|x86.Build.0 = Release|Win32
		{03F37ED4-C5A4-47C0-8DD1-634A2B0652F1}.Debug|x64.ActiveCfg = Debug|x64
		{03F37ED4-C5A4-47C0-8DD1-634A2B0652F1}.Debug|x64.Build.0 = Debug|x64
		{03F37ED4-C5A4-47C0-8DD1-634A2B0652F1}.Debug|x86.ActiveCfg = Debug|Win32
		{03F37ED4-C5A4-47C0-8DD1-634A2B0652F1}.Debug|x86.Build.0 = Debug|Win32
		{03F37ED4-C5A4-47C0-8DD1-634A2B0652F1}.Release|x64.ActiveCfg = Release|x64
		{03F37ED4-C5A4-47C0-8DD1-634A2B0652F1}.Release|x64.Build.0 = Release|x64
		{03F37ED4-C5A4-47C0-8DD1-634A2B0652F1}.Release|x86.ActiveCfg = Release|Win32
		{03F37ED4-C5A4-47C0-8DD1-634A2B0652F1}.Release|x86.Build.0 = Release|Win32
		{278E29A0-5C95-4A70-9ABE-AD8615F9B47B}.Debug|x64.ActiveCfg = Debug|x64
		{278E29A0-5C95-4A70-9ABE-AD8615F9B47B}.Debug|x64.Build.0 = Debug|x64
		{278E29A0-5C95-4A70-9ABE-AD8615F9B47B}.Debug|x86.ActiveCfg = Debug|Win32
		{278E29A0-5C95-4A70-9ABE-AD8615F9B47B}.Debug|x86.Build.0 = Debug|Win32
		{278E29A0-5C95-4A70-9ABE-AD8615F9B47B}.Release|x64.ActiveCfg = Release|x64
		{278E29A0-5C95-4A70-9ABE-AD8615F9B47B}.Release|x64.Build.0 = Release|x64
		{278E29A0-5C95-4A70-9ABE-AD8615F9B47B}.Release|x86.ActiveCfg = Release|Win32
		{278E29A0-5C95-4A70-9ABE-AD8615F9B47B}.Release|x86.Build.0 = Release|Win32
		{7991664F-8524-42C4-BC6D-1F546DEB4567}.Debug|x64.ActiveCfg = Debug|x64
		{7991664F-8524-42C4-BC6D-1F546DEB4567}.Debug|x64.Build.0 = Debug|x64
		{7991664F-8524-42C4-BC6D-1F546DEB4567}.Debug|x86.ActiveCfg = Debug|Win32
		{7991664F-8524-42C4-BC6D-1F546DEB4567}.Debug|x86.Build.0 = Debug|Win32
		{7991664F-8524-42C4-BC6D-1F546DEB4567}.Release|x64.ActiveCfg = Release|x64
		{7991664F-8524-42C4-BC6D-1F546DEB4567}.Release|x64.Build.0 = Release|x64
		{7991664F-8524-42C4-BC6D-1F546DEB4567}.Release|x86.ActiveCfg = Release|Win32
		{7991664F-8524-42C4-BC6D-1F546DEB4567}.Release|x86.Build.0 = Release|Win32
		{FB304891-5B87-4DAB-AA54-BA1B27D6FCF5}.Debug|x64.ActiveCfg = Debug|x64
		{FB304891-5B87-4DAB-AA54-BA1B27D6FCF5}.Debug|x64.Build.0 = Debug|x64
		{FB304891-5B87-4DAB-AA54-BA1B27D6FCF5}.Debug|x86.ActiveCfg = Debug|Win32
		{FB304891-5B87-4DAB-AA54-BA1B27D6FCF5}.Debug|x86.Build.0 = Debug|Win32
		{FB304891-5B87-4DAB-AA54-BA1B27D6FCF5}.Release|x64.ActiveCfg = Release|x64
		{FB304891-5B87-4DAB-AA54-BA1B27D6FCF5}.Release|x64.Build.0 = Release|x64
		{FB304891-5B87-4DAB-AA54-BA1B27D6FCF5}.Release|x86.ActiveCfg = Release|Win32
		{FB304891-5B87-4DAB-AA54-BA1B27D6FCF5}.Release|x86.Build.0 = Release|Win32
		{04E62FE9-34A8-4AE6-BB80-39E3F982D648}.Debug|x64.ActiveCfg = Debug|x64
		{04E62FE9-34A8-4AE6-BB80-39E3F982D648}.Debug|x64.Build.0 = Debug|x64
		{04E62FE9-34A8-4AE6-BB80-39E3F982D648}.Debug|x86.ActiveCfg = Debug|Win32
		{04E62FE9-34A8-4AE6-BB80-39E3F982D648}.Debug|x86.Build.0 = Debug|Win32
		{04E62FE9-34A8-4AE6-BB80-39E3F982D648}.Release|x64.ActiveCfg = Release|x64
		{04E62FE9-34A8-4AE6-BB80-39E3F982D648}.Release|x64.Build.0 = Release|x64
		{04E62FE9-34A8-4AE6-BB80-39E3F982D648}.Release|x86.ActiveCfg = Release|Win32
		{04E62FE9-34A8-4AE6-BB80-39E3F982D648}.Release|x86.Build.0 = Release|Win32
		{32B85FC3-E7A4-495A-9DE8-B4EABB0CADA0}.Debug|x64.ActiveCfg = Debug|x64
		{32B85FC3-E7A4-495A-9DE8-B4EABB0CADA0}.Debug|x64.Build.0 = Debug|x64
		{32B85FC3-E7A4-495A-9DE8-B4EABB0CADA0}.Debug|x86.ActiveCfg = Debug|Win32
		{32B85FC3-E7A4-495A-9DE8-B4EABB0CADA0}.Debug|x86.Build.0 = Debug|Win32
		{32B85FC3-E7A4-495A-9DE8-B4EABB0CADA0}.Release|x64.ActiveCfg = Release|x64
		{32B85FC3-E7A4-495A-9DE8-B4EABB0CADA0}.Release|x64.Build.0 = Release|x64
		{32B85FC3-E7A4-495A-9DE8-B4EABB0CADA0}.Release|x86.ActiveCfg = Release|Win32
		{32B85FC3-E7A4-495A-9DE8-B4EABB0CADA0}.Release|x86.Build.0 = Release|Win32
		{8483E1F8-B702-43D7-B2D4-A2A4862CD4BD}.Debug|x64.ActiveCfg = Debug|x64
		{8483E1F8-B702-43D7-B2D4-A2A4862CD4BD}.Debug|x64.Build.0 = Debug|x64
		{8483E1F8-B702-43D7-B2D4-A2A4862CD4BD}.Debug|x86.ActiveCfg = Debug|Win32
		{8483E1F8-B702-43D7-B2D4-A2A4862CD4BD}.Debug|x86.Build.0 = Debug|Win32
		{8483E1F8-B702-43D7-B2D4-A2A4862CD4BD}.Release|x64.ActiveCfg = Release|x64
		{8483E1F8-B702-43D7-B2D4-A2A4862CD4BD}.Release|x64.Build.0 = Release|x64
		{8483E1F8-B702-43D7-B2D4-A2A4862CD4BD}.Release|x86.ActiveCfg = Release|Win32
		{8483E1F8-B702-43D7-B2D4-A2A4862CD4BD}.Release|x86.Build.0 = Release|Win32
		{C583FAF3-D690-45F4-B144-0D683067B5A4}.Debug|x64.ActiveCfg = Debug|x64
		{C583FAF3-D690-45F4-B144-0D683067B5A4}.Debug|x64.Build.0 = Debug|x64
		{C583FAF3-D690-45F4-B144-0D683067B5A4}.Debug|x86.ActiveCfg = Debug|Win32
		{C583FAF3-D690-45F4-B144-0D683067B5A4}.Debug|x86.Build.0 = Debug|Win32
		{C583FAF3-D690-45F4-B144-0D683067B5A4}.Release|x64.ActiveCfg = Release|x64
		{C583FAF3-D690-45F4-B144-0D683067B5A4}.Release|x64.Build.0 = Release|x64
		{C583FAF3-D690-45F4-B144-0D683067B5A4}.Release|x86.ActiveCfg = Release|Win32
		{C583FAF3-D690-45F4-B144-0D683067B5A4}.Release|x86.Build.0 = Release|Win32
		{9754E31B-22BC-442E-B11D-F24B547FB662}.Debug|x64.ActiveCfg = Debug|x64
		{9754E31B-22BC-442E-B11D-F24B547FB662}.Debug|x64.Build.0 = Debug|x64
		{9754E31B-22BC-442E-B11D-F24B547FB662}.Debug|x86.ActiveCfg = Debug|Win32
		{9754E31B-22BC-442E-B11D-F24B547FB662}.Debug|x86.Build.0 = Debug|Win32
		{9754E31B-22BC-442E-B11D-F24B547FB662}.Release|x64.ActiveCfg = Release|x64
		{9754E31B-22BC-442E-B11D-F24B547FB662}.Release|x64.Build.0 = Release|x64
		{9754E31B-22BC-442E-B11D-F24B547FB662}.Release|x86.ActiveCfg = Release|Win32
		{9754E31B-22BC-442E-B11D-F24B547FB662}.Release|x86.Build.0 = Release|Win32
		{63DA8571-EB17-4125-AC07-67B7D95C474A}.Debug|x64.ActiveCfg = Debug|x64
		{63DA8571-EB17-4125-AC07-67B7D95C474A}.Debug|x64.Build.0 = Debug|x64
		{63DA8571-EB17-4125-AC07-67B7D95C474A}.Debug|x86.ActiveCfg = Debug|Win32
		{63DA8571-EB17-4125-AC07-67B7D95C474A}.Debug|x86.Build.0 = Debug|Win32
		{63DA8571-EB17-4125-AC07-67B7D95C474A}.Release|x64.ActiveCfg = Release|x64
		{63DA8571-EB17-4125-AC07-67B7D95C474A}.Release|x64.Build.0 = Release|x64
		{63DA8571-EB17-4125-AC07-67B7D95C474A}.Release|x86.ActiveCfg = Release|Win32
		{63DA8571-EB17-4125-AC07-67B7D95C474A}.Release|x86.Build.0 = Release|Win32
		{12E759A2-DE3D-4FC8-A6AA-469B475107E5}.Debug|x64.ActiveCfg = Debug|x64
		{12E759A2-DE3D-4FC8-A6AA-469B475107E5}.Debug|x64.Build.0 = Debug|x64
		{12E759A2-DE3D-4FC8-A6AA-469B475107E5}.Debug|x86.ActiveCfg = Debug|Win32
		{12E759A2-DE3D-4FC8-A6AA-469B475107E5}.Debug|x86.Build.0 = Debug|Win32
		{12E759A2-DE3D-4FC8-A6AA-469B475107E5}.Release|x64.ActiveCfg = Release|x64
		{12E759A2-DE3D-4FC8-A6AA-469B475107E5}.Release|x64.Build.0 = Release|x64
		{12E759A2-DE3D-4FC8-A6AA-469B475107E5}.Release|x86.ActiveCfg = Release|Win32
		{12E759A2-DE3D-4FC8-A6AA-469B475107E5}.Release|x86.Build.0 = Release|Win32
		{8793ECEE-110E-47F0-8965-837D5310BC64}.Debug|x64.ActiveCfg = Debug|x64
		{8793ECEE-110E-47F0-8965-837D5310BC64}.Debug|x64.Build.0 = Debug|x64
		{8793ECEE-110E-47F0-8965-837D5310BC64}.Debug|x86.ActiveCfg = Debug|Win32
		{8793ECEE-110E-47F0-8965-837D5310BC64}.Debug|x86.Build.0 = Debug|Win32
		{8793ECEE-110E-47F0-8965-837D5310BC64}.Release|x64.ActiveCfg = Release|x64
		{8793ECEE-110E-47F0-8965-837D5310BC64}.Release|x64.Build.0 = Release|x64
		{8793ECEE-110E-47F0-8965-837D5310BC64}.Release|x86.ActiveCfg = Release|Win32
		{8793ECEE-110E-47F0-8965-837D5310BC64}.Release|x86.Build.0 = Release|Win32
		{7126CDFA-8656-4B25-80DF-689B68E63E2F}.Debug|x64.ActiveCfg = Debug|x64
		{7126CDFA-8656-4B25-80DF-689B68E63E2F}.Debug|x64.Build.0 = Debug|x64
		{7126CDFA-8656-4B25-80DF-689B68E63E2F}.Debug|x86.ActiveCfg = Debug|Win32
		{7126CDFA-8656-4B25-80DF-689B68E63E2F}.Debug|x86.Build.0 = Debug|Win32
		{7126CDFA-8656-4B25-80DF-689B68E63E2F}.Release|x64.ActiveCfg = Release|x64
		{7126CDFA-8656-4B25-80DF-689B68E63E2F}.Release|x64.Build.0 = Release|x64
		{7126CDFA-8656-4B25-80DF-689B68E63E2F}.Release|x86.ActiveCfg = Release|Win32
		{7126CDFA-8656-4B25-80DF-689B68E63E2F}.Release|x86.Build.0 = Release|Win32
		{6D0A0A1D-D2C4-4E8D-9F96-B74829C7C2B2}.Debug|x64.ActiveCfg = Debug|x64
		{6D0A0A1D-D2C4-4E8D-9F96-B74829C7C2B2}.Debug|x64.Build.0 = Debug|x64
		{6D0A0A1D-D2C4-4E8D-9F96-B74829C7C2B2}.Debug|x86.ActiveCfg = Debug|Win32
		{6D0A0A1D-D2C4-4E8D-9F96-B74829C7C2B2}.Debug|x86.Build.0 = Debug|Win32
		{6D0A0A1D-D2C4-4E8D-9F96-B74829C7C2B2}.Release|x64.ActiveCfg = Release|x64
		{6D0A0A1D-D2C4-4E8D-9F96-B74829C7C2B2}.Release|x64.Build.0 = Release|x64
		{6D0A0A1D-D2C4-4E8D-9F96-B74829C7C2B2}.Release|x86.ActiveCfg = Release|Win32
		{6D0A0A1D-D2C4-4E8D-9F96-B74829C7C2B2}.Release|x86.Build.0 = Release|Win32
		{4F34EE40-5366-4DFB-A97E-37F2B60026C1}.Debug|x64.ActiveCfg = Debug|x64
		{4F34EE40-5366-4DFB-A97E-37F2B60026C1}.Debug|x64.Build.0 = Debug|x64
		{4F34EE40-5366-4DFB-A97E-37F2B60026C1}.Debug|x86.ActiveCfg = Debug|Win32
		{4F34EE40-5366-4DFB-A97E-37F2B60026C1}.Debug|x86.Build.0 = Debug|Win32
		{4F34EE40-5366-4DFB-A97E-37F2B60026C1}.Release|x64.ActiveCfg = Release|x64
		{4F34EE40-5366-4DFB-A97E-37F2B60026C1}.Release|x64.Build.0 = Release|x64
		{4F34EE40-5366-4DFB-A97E-37F2B60026C1}.Release|x86.ActiveCfg = Release|Win32
		{4F34EE40-5366-4DFB-A97E-37F2B60026C1}.Release|x86.Build.0 = Release|Win32
		{49792215-A2C0-4574-A763-8C5453B48FC9}.Debug|x64.ActiveCfg = Debug|x64
		{49792215-A2C0-4574-A763-8C5453B48FC9}.Debug|x64.Build.0 = Debug|x64
		{49792215-A2C0-4574-A763-8C5453B48FC9}.Debug|x86.ActiveCfg = Debug|Win32
		{49792215-A2C0-4574-A763-8C5453B48FC9}.Debug|x86.Build.0 = Debug|Win32
		{49792215-A2C0-4574-A763-8C5453B48FC9}.Release|x64.ActiveCfg = Release|x64
		{49792215-A2C0-4574-A763-8C5453B48FC9}.Release|x64.Build.0 = Release|x64
		{49792215-A2C0-4574-A763-8C5453B48FC9}.Release|x86.ActiveCfg = Release|Win32
		{49792215-A2C0-4574-A763-8C5453B48FC9}.Release|x86.Build.0 = Release|Win32
		{314AC9D0-0A48-45E1-81C3-F49FF2F9F050}.Debug|x64.ActiveCfg = Debug|x64
		{314AC9D0-0A48-45E1-81C3-F49FF2F9F050}.Debug|x64.Build.0 = Debug|x64
		{314AC9D0-0A48-45E1-81C3-F49FF2F9F050}.Debug|x86.ActiveCfg = Debug|Win32
		{314AC9D0-0A48-45E1-81C3-F49FF2F9F050}.Debug|x86.Build.0 = Debug|Win32
		{314AC9D0-0A48-45E1-81C3-F49FF2F9F050}.Release|x64.ActiveCfg = Release|x64
		{314AC9D0-0A48-45E1-81C3-F49FF2F9F050}.Release|x64.Build.0 = Release|x64
		{314AC9D0-0A48-45E1-81C3-F49FF2F9F050}.Release|x86.ActiveCfg = Release|Win32
		{314AC9D0-0A48-45E1-81C3-F49FF2F9F050}.Release|x86.Build.0 = Release|Win32
		{BDF13275-1CA8-4E04-874D-F85021998547}.Debug|x64.ActiveCfg = Debug|x64
		{BDF13275-1CA8-4E04-874D-F85021998547}.Debug|x64.Build.0 = Debug|x64
		{BDF13275-1CA8-4E04-874D-F85021998547}.Debug|x86.ActiveCfg = Debug|Win32
		{BDF13275-1CA8-4E04-874D-F85021998547}.Debug|x86.Build.0 = Debug|Win32
		{BDF13275-1CA8-4E04-874D-F85021998547}.Release|x64.ActiveCfg = Release|x64
		{BDF13275-1CA8-4E04-874D-F85021998547}.Release|x64.Build.0 = Release|x64
		{BDF13275-1CA8-4E04-874D-F85021998547}.Release|x86.ActiveCfg = Release|Win32
		{BDF13275-1CA8-4E04-874D-F85021998547}.Release|x86.Build.0 = Release|Win32
		{5B336D1F-0C37-4F13-9E45-DDB39512F167}.Debug|x64.ActiveCfg = Debug|x64
		{5B336D1F-0C37-4F13-9E45-DDB39512F167}.Debug|x64.Build.0 = Debug|x64
		{5B336D1F-0C37-4F13-9E45-DDB39512F167}.Debug|x86.ActiveCfg = Debug|Win32
		{5B336D1F-0C37-4F13-9E45-DDB39512F167}.Debug|x86.Build.0 = Debug|Win32
		{5B336D1F-0C37-4F13-9E45-DDB39512F167}.Release|x64.ActiveCfg = Release|x64
		{5B336D1F-0C37-4F13-9E45-DDB39512F167}.Release|x64.Build.0 = Release|x64
		{5B336D1F-0C37-4F13-9E45-DDB39512F167}.Release|x86.ActiveCfg = Release|Win32
		{5B336D1F-0C37-4F13-9E45-DDB39512F167}.Release|x86.Build.0 = Release|Win32
		{2C39167C-B3BA-4DF1-AB81-C26E0B1BB06E}.Debug|x64.ActiveCfg = Debug|x64
		{2C39167C-B3BA-4DF1-AB81-C26E0B1BB06E}.Debug|x64.Build.0 = Debug|x64
		{2C39167C-B3BA-4DF1-AB81-C26E0B1BB06E}.Debug|x86.ActiveCfg = Debug|Win32
		{2C39167C-B3BA-4DF1-AB81-C26E0B1BB06E}.Debug|x86.Build.0 = Debug|Win32
		{2C39167C-B3BA-4DF1-AB81-C26E0B1BB06E}.Release|x64.ActiveCfg = Release|x64
		{2C39167C-B3BA-4DF1-AB81-C26E0B1BB06E}.Release|x64.Build.0 = Release|x64
		{2C39167C-B3BA-4DF1-AB81-C26E0B1BB06E}.Release|x86.ActiveCfg = Release|Win32
		{2C39167C-B3BA-4DF1-AB81-C26E0B1BB06E}.Release|x86.Build.0 = Release|Win32
		{9DB24D51-3027-4920-BCD5-BE7EDF144FC7}.Debug|x64.ActiveCfg = Debug|x64
		{9DB24D51-3027-4920-BCD5-BE7EDF144FC7}.Debug|x64.Build.0 = Debug|x64
		{9DB24D51-3027-4920-BCD5-BE7EDF144FC7}.Debug|x86.ActiveCfg = Debug|Win32
		{9DB24D51-3027-4920-BCD5-BE7EDF144FC7}.Debug|x86.Build.0 = Debug|Win32
		{9DB24D51-3027-4920-BCD5-BE7EDF144FC7}.Release|x64.ActiveCfg = Release|x64
		{9DB24D51-3027-4920-BCD5-BE7EDF144FC7}.Release|x64.Build.0 = Release|x64
		{9DB24D51-3027-4920-BCD5-BE7EDF144FC7}.Release|x86.ActiveCfg = Release|Win32
		{9DB24D51-3027-4920-BCD5-BE7EDF144FC7}.Release|x86.Build.0 = Release|Win32
		{B90D3DA9-7B90-4686-9147-65231245F428}.Debug|x64.ActiveCfg = Debug|x64
		{B90D3DA9-7B90-4686-9147-65231245F428}.Debug|x64.Build.0 = Debug|x64
		{B90D3DA9-7B90-4686-9147-65231245F428}.Debug|x86.ActiveCfg = Debug|Win32
		{B90D3DA9-7B90-4686-9147-65231245F428}.Debug|x86.Build.0 = Debug|Win32
		{B90D3DA9-7B90-4686-9147-65231245F428}.Release|x64.ActiveCfg = Release|x64
		{B90D3DA9-7B90-4686-9147-65231245F428}.Release|x64.Build.0 = Release|x64
		{B90D3DA9-7B90-4686-9147-65231245F428}.Release|x86.ActiveCfg = Release|Win32
		{B90D3DA9-7B90-4686-9147-65231245F428}.Release|x86.Build.0 = Release|Win32
		{802CE5D6-304F-489C-BDB5-C526BCBCAC5A}.Debug|x64.ActiveCfg = Debug|x64
		{802CE5D6-304F-489C-BDB5-C526BCBCAC5A}.Debug|x64.Build.0 = Debug|x64
		{802CE5D6-304F-489C-BDB5-C526BCBCAC5A}.Debug|x86.ActiveCfg = Debug|Win32
		{802CE5D6-304F-489C-BDB5-C526BCBCAC5A}.Debug|x86.Build.0 = Debug|Win32
		{802CE5D6-304F-489C-BDB5-C526BCBCAC5A}.Release|x64.ActiveCfg = Release|x64
		{802CE5D6-304F-489C-BDB5-C526BCBCAC5A}.Release|x64.Build.0 = Release|x64
		{802CE5D6-304F-489C-BDB5-C526BCBCAC5A}.Release|x86.ActiveCfg = Release|Win32
		{802CE5D6-304F-489C-BDB5-C526BCBCAC5A}.Release|x86.Build.0 = Release|Win32
		{68303D93-D9C8-4FFD-AE8C-A44D5BCF9294}.Debug|x64.ActiveCfg = Debug|x64
		{68303D93-D9C8-4FFD-AE8C-A44D5BCF9294}.Debug|x64.Build.0 = Debug|x64
		{68303D93-D9C8-4FFD-AE8C-A44D5BCF9294}.Debug|x86.ActiveCfg = Debug|Win32
		{68303D93-D9C8-4FFD-AE8C-A44D5BCF9294}.Debug|x86.Build.0 = Debug|Win32
		{68303D93-D9C8-4FFD-AE8C-A44D5BCF9294}.Release|x64.ActiveCfg = Release|x64
		{68303D93-D9C8-4FFD-AE8C-A44D5BCF9294}.Release|x64.Build.0 = Release|x64
		{68303D93-D9C8-4FFD-AE8C-A44D5BCF9294}.Release|x86.ActiveCfg = Release|Win32
		{68303D93-D9C8-4FFD-AE8C-A44D5BCF9294}.Release|x86.Build.0 = Release|Win32
		{F13C1863-69D2-406A-90E0-D598789D18C6}.Debug|x64.ActiveCfg = Debug|x64
		{F13C1863-69D2-406A-90E0-D598789D18C6}.Debug|x64.Build.0 = Debug|x64
		{F13C1863-69D2-406A-90E0-D598789D18C6}.Debug|x86.ActiveCfg = Debug|Win32
		{F13C1863-69D2-406A-90E0-D598789D18C6}.Debug|x86.Build.0 = Debug|Win32
		{F13C1863-69D2-406A-90E0-D598789D18C6}.Release|x64.ActiveCfg = Release|x64
		{F13C1863-69D2-406A-90E0-D598789D18C6}.Release|x64.Build.0 = Release|x64
		{F13C1863-69D2-406A-90E0-D598789D18C6}.Release|x86.ActiveCfg = Release|Win32
		{F13C1863-69D2-406A-90E0-D598789D18C6}.Release|x86.Build.0 = Release|Win32
		{CDFF4419-4428-4044-9E1B-92BA0F08C15A}.Debug|x64.ActiveCfg = Debug|x64
		{CDFF4419-4428-4044-9E1B-92BA0F08C15A}.Debug|x64.Build.0 = Debug|x64
		{CDFF4419-4428-4044-9E1B-92BA0F08C15A}.Debug|x86.ActiveCfg = Debug|Win32
		{CDFF4419-4428-4044-9E1B-92BA0F08C15A}.Debug|x86.Build.0 = Debug|Win32
		{CDFF4419-4428-4044-9E1B-92BA0F08C15A}.Release|x64.ActiveCfg = Release|x64
		{CDFF4419-4428-4044-9E1B-92BA0F08C15A}.Release|x64.Build.0 = Release|x64
		{CDFF4419-4428-4044-9E1B-92BA0F08C15A}.Release|x86.ActiveCfg = Release|Win32
		{CDFF4419-4428-4044-9E1B-92BA0F08C15A}.Release|x86.Build.0 = Release|Win32
		{995C4E3D-B675-46D2-986E-89A11BF84A2A}.Debug|x64.ActiveCfg = Debug|x64
		{995C4E3D-B675-46D2-986E-89A11BF84A2A}.Debug|x64.Build.0 = Debug|x64
		{995C4E3D-B675-46D2-986E-89A11BF84A2A}.Debug|x86.ActiveCfg = Debug|Win32
		{995C4E3D-B675-46D2-986E-89A11BF84A2A}.Debug|x86.Build.0 = Debug|Win32
		{995C4E3D-B675-46D2-986E-89A11BF84A2A}.Release|x64.ActiveCfg = Release|x64
		{995C4E3D-B675-46D2-986E-89A11BF84A2A}.Release|x64.Build.0 = Release|x64
		{995C4E3D-B675-46D2-986E-89A11BF84A2A}.Release|x86.ActiveCfg = Release|Win32
		{995C4E3D-B675-46D2-986E-89A11BF84A2A}.Release|x86.Build.0 = Release|Win32
		{D356AF5E-55E8-45C9-A203-4307E4DAFEE6}.Debug|x64.ActiveCfg = Debug|x64
		{D356AF5E-55E8-45C9-A203-4307E4DAFEE6}.Debug|x64.Build.0 = Debug|x64
		{D356AF5E-55E8-45C9-A203-4307E4DAFEE6}.Debug|x86.ActiveCfg = Debug|Win32
		{D356AF5E-55E8-45C9-A203-4307E4DAFEE6}.Debug|x86.Build.0 = Debug|Win32
		{D356AF5E-55E8-45C9-A203-4307E4DAFEE6}.Release|x64.ActiveCfg = Release|x64
		{D356AF5E-55E8-45C9-A203-4307E4DAFEE6}.Release|x64.Build.0 = Release|x64
		{D356AF5E-55E8-45C9-A203-4307E4DAFEE6}.Release|x86.ActiveCfg = Release|Win32
		{D356AF5E-55E8-45C9-A203-4307E4DAFEE6}.Release|x86.Build.0 = Release|Win32
		{9DCAA8A3-1550-449E-9B27-5E365DA8B869}.Debug|x64.ActiveCfg = Debug|x64
		{9DCAA8A3-1550-449E-9B27-5E365DA8B869}.Debug|x64.Build.0 = Debug|x64
		{9DCAA8A3-1550-449E-9B27-5E365DA8B869}.Debug|x86.ActiveCfg = Debug|Win32
		{9DCAA8A3-1550-449E-9B27-5E365DA8B869}.Debug|x86.Build.0 = Debug|Win32
		{9DCAA8A3-1550-449E-9B27-5E365DA8B869}.Release|x64.ActiveCfg = Release|x64
		{9DCAA8A3-1550-449E-9B27-5E365DA8B869}.Release|x64.Build.0 = Release|x64
		{9DCAA8A3-1550-449E-9B27-5E365DA8B869}.Release|x86.ActiveCfg = Release|Win32
		{9DCAA8A3-1550-449E-9B27-5E365DA8B869}.Release|x86.Build.0 = Release|Win32
		{D2093A61-F72C-41D6-9B22-76BDDCE45E13}.Debug|x64.ActiveCfg = Debug|x64
		{D2093A61-F72C-41D6-9B22-76BDDCE45E13}.Debug|x64.Build.0 = Debug|x64
		{D2093A61-F72C-41D6-9B22-76BDDCE45E13}.Debug|x86.ActiveCfg = Debug|Win32
		{D2093A61-F72C-41D6-9B22-76BDDCE45E13}.Debug|x86.Build.0 = Debug|Win32
		{D2093A61-F72C-41D6-9B22-76BDDCE45E13}.Release|x64.ActiveCfg = Release|x64
		{D2093A61-F72C-41D6-9B22-76BDDCE45E13}.Release|x64.Build.0 = Release|x64
		{D2093A61-F72C-41D6-9B22-76BDDCE45E13}.Release|x86.ActiveCfg = Release|Win32
		{D2093A61-F72C-41D6-9B22-76BDDCE45E13}.Release|x86.Build.0 = Release|Win32
		{EE3D2D73-B49F-4A78-BC75-09BFB292DA5E}.Debug|x64.ActiveCfg = Debug|x64
		{EE3D2D73-B49F-4A78-BC75-09BFB292DA5E}.Debug|x64.Build.0 = Debug|x64
		{EE3D2D73-B49F-4A78-BC75-09BFB292DA5E}.Debug|x86.ActiveCfg = Debug|Win32
		{EE3D2D73-B49F-4A78-BC75-09BFB292DA5E}.Debug|x86.Build.0 = Debug|Win32
		{EE3D2D73-B49F-4A78-BC75-09BFB292DA5E}.Release|x64.ActiveCfg = Release|x64
		{EE3D2D73-B49F-4A78-BC75-09BFB292DA5E}.Release|x64.Build.0 = Release|x64
		{EE3D2D73-B49F-4A78-BC75-09BFB292DA5E}.Release|x86.ActiveCfg = Release|Win32
		{EE3D2D73-B49F-4A78-BC75-09BFB292DA5E}.Release|x86.Build.0 = Release|Win32
		{0C2AD576-0E9F-4D53-86BA-FB4867D15642}.Debug|x64.ActiveCfg = Debug|x64
		{0C2AD576-0E9F-4D53-86BA-FB4867D15642}.Debug|x64.Build.0 = Debug|x64
		{0C2AD576-0E9F-4D53-86BA-FB4867D15642}.Debug|x86.ActiveCfg = Debug|Win32
		{0C2AD576-0E9F-4D53-86BA-FB4867D15642}.Debug|x86.Build.0 = Debug|Win32
		{0C2AD576-0E9F-4D53-86BA-FB4867D15642}.Release|x64.ActiveCfg = Release|x64
		{0C2AD576-0E9F-4D53-86BA-FB4867D15642}.Release|x64.Build.0 = Release|x64
		{0C2AD576-0E9F-4D53-86BA-FB4867D15642}.Release|x86.ActiveCfg = Release|Win32
		{0C2AD576-0E9F-4D53-86BA-FB4867D15642}.Release|x86.Build.0 = Release|Win32
		{605ABA5B-1504-46C6-AFB3-6E3FB22901FD}.Debug|x64.ActiveCfg = Debug|x64
		{605ABA5B-1504-46C6-AFB3-6E3FB22901FD}.Debug|x64.Build.0 = Debug|x64
		{605ABA5B-1504-46C6-AFB3-6E3FB22901FD}.Debug|x86.ActiveCfg = Debug|Win32
		{605ABA5B-1504-46C6-AFB3-6E3FB22901FD}.Debug|x86.Build.0 = Debug|Win32
		{605ABA5B-1504-46C6-AFB3-6E3FB22901FD}.Release|x64.ActiveCfg = Release|x64
		{605ABA5B-1504-46C6-AFB3-6E3FB22901FD}.Release|x64.Build.0 = Release|x64
		{605ABA5B-1504-46C6-AFB3-6E3FB22901FD}.Release|x86.ActiveCfg = Release|Win32
		{605ABA5B-1504-46C6-AFB3-6E3FB22901FD}.Release|x86.Build.0 = Release|Win32
		{8E0E4C37-7DA3-4217-9242-D21CDC4C7960}.Debug|x64.ActiveCfg = Debug|x64
		{8E0E4C37-7DA3-4217-9242-D21CDC4C7960}.Debug|x64.Build.0 = Debug|x64
		{8E0E4C37-7DA3-4217-9242-D21CDC4C7960}.Debug|x86.ActiveCfg = Debug|Win32
		{8E0E4C37-7DA3-4217-9242-D21CDC4C7960}.Debug|x86.Build.0 = Debug|Win32
		{8E0E4C37-7DA3-4217-9242-D21CDC4C7960}.Release|x64.ActiveCfg = Release|x64
		{8E0E4C37-7DA3-4217-9242-D21CDC4C7960}.Release|x64.Build.0 = Release|x64
		{8E0E4C37-7DA3-4217-9242-D21CDC4C7960}.Release|x86.ActiveCfg = Release|Win32
		{8E0E4C37-7DA3-4217-9242-D21CDC4C7960}.Release|x86.Build.0 = Release|Win32
		{FE2E8967-FC7C-4D99-873C-2EA16CD8A8CA}.Debug|x64.ActiveCfg = Debug|x64
		{FE2E8967-FC7C-4D99-873C-2EA16CD8A8CA}.Debug|x64.Build.0 = Debug|x64
		{FE2E8967-FC7C-4D99-873C-2EA16CD8A8CA}.Debug|x86.ActiveCfg = Debug|Win32
		{FE2E8967-FC7C-4D99-873C-2EA16CD8A8CA}.Debug|x86.Build.0 = Debug|Win32
		{FE2E8967-FC7C-4D99-873C-2EA16CD8A8CA}.Release|x64.ActiveCfg = Release|x64
		{FE2E8967-FC7C-4D99-873C-2EA16CD8A8CA}.Release|x64.Build.0 = Release|x64
		{FE2E8967-FC7C-4D99-873C-2EA16CD8A8CA}.Release|x86.ActiveCfg = Release|Win32
		{FE2E8967-FC7C-4D99-873C-2EA16CD8A8CA}.Release|x86.Build.0 = Release|Win32
		{6150B90A-8270-4939-9D36-360E69EC40C4}.Debug|x64.ActiveCfg = Debug|x64
		{6150B90A-8270-4939-9D36-360E69EC40C4}.Debug|x64.Build.0 = Debug|x64
		{6150B90A-8270-4939-9D36-360E69EC40C4}.Debug|x86.ActiveCfg = Debug|Win32
		{6150B90A-8270-4939-9D36-360E69EC40C4}.Debug|x86.Build.0 = Debug|Win32
		{6150B90A-8270-4939-9D36-360E69EC40C4}.Release|x64.ActiveCfg = Release|x64
		{6150B90A-8270-4939-9D36-360E69EC40C4}.Release|x64.Build.0 = Release|x64
		{6150B90A-8270-4939-9D36-360E69EC40C4}.Release|x86.ActiveCfg = Release|Win32
		{6150B90A-8270-4939-9D36-360E69EC40C4}.Release|x86.Build.0 = Release|Win32
	EndGlobalSection
	GlobalSection(SolutionProperties) = preSolution
		HideSolutionNode = FALSE
	EndGlobalSection
	GlobalSection(NestedProjects) = preSolution
		{3D7F4992-600B-497E-B959-A8626497C407} = {334E0DB8-8DB0-46CA-9652-C13B840BA0F5}
		{BDE52D25-17E3-488B-8383-F01F722233E4} = {334E0DB8-8DB0-46CA-9652-C13B840BA0F5}
		{F53F8047-E374-4E36-BC90-D472FF8BFF3B} = {334E0DB8-8DB0-46CA-9652-C13B840BA0F5}
		{145BE740-C1E0-4C2F-8DF1-6EB6AF7CA152} = {334E0DB8-8DB0-46CA-9652-C13B840BA0F5}
		{9C941E05-9164-414C-A903-EDEE7A8050A8} = {334E0DB8-8DB0-46CA-9652-C13B840BA0F5}
		{C0207DF2-8463-43DA-86B4-0EBF9205FF6F} = {334E0DB8-8DB0-46CA-9652-C13B840BA0F5}
		{3A7F27C5-6085-479C-B036-133696FEAEE7} = {334E0DB8-8DB0-46CA-9652-C13B840BA0F5}
		{EE4D3964-5EDE-46C5-808F-583782D1325F} = {334E0DB8-8DB0-46CA-9652-C13B840BA0F5}
		{64CC3DC1-CDEB-4E6B-B4A3-2C94EE49981F} = {334E0DB8-8DB0-46CA-9652-C13B840BA0F5}
		{3B247D1F-4D35-49F3-B0CC-09290C872283} = {334E0DB8-8DB0-46CA-9652-C13B840BA0F5}
		{65293F0B-B1DC-4451-8A96-8CCCBFDB7345} = {334E0DB8-8DB0-46CA-9652-C13B840BA0F5}
		{3E7E8870-EDB5-4688-B29D-72E06786E960} = {334E0DB8-8DB0-46CA-9652-C13B840BA0F5}
		{30B8C66A-4DED-443C-9670-C3463447E2D5} = {334E0DB8-8DB0-46CA-9652-C13B840BA0F5}
		{B92E16F4-5296-43FC-BC75-CC496621C3A2} = {334E0DB8-8DB0-46CA-9652-C13B840BA0F5}
		{10470CBD-3024-44D2-B894-0983BEA65A6B} = {334E0DB8-8DB0-46CA-9652-C13B840BA0F5}
		{0CFFB607-C575-4259-AF98-C86DBE2E9669} = {334E0DB8-8DB0-46CA-9652-C13B840BA0F5}
		{AC5ED473-5C05-4C0B-B896-5D24B08F8F88} = {334E0DB8-8DB0-46CA-9652-C13B840BA0F5}
		{65C6AA94-9AC3-49C8-AE82-059FAE02AB78} = {334E0DB8-8DB0-46CA-9652-C13B840BA0F5}
		{0531B63D-AB26-4847-9712-59332CC0F9D7} = {334E0DB8-8DB0-46CA-9652-C13B840BA0F5}
		{F2B2D73D-02AA-4959-B480-032B9C373844} = {334E0DB8-8DB0-46CA-9652-C13B840BA0F5}
		{8124B6E2-0056-4B96-AC0D-F2878EC199AA} = {334E0DB8-8DB0-46CA-9652-C13B840BA0F5}
		{85ADC44D-64E9-4BB0-BCD5-AAAD15473C51} = {334E0DB8-8DB0-46CA-9652-C13B840BA0F5}
		{DC2F5C04-3BBE-4C6D-A4C4-CD5B811615AF} = {334E0DB8-8DB0-46CA-9652-C13B840BA0F5}
		{0712FEAD-9A40-4949-BDE2-304FCF2FF48E} = {334E0DB8-8DB0-46CA-9652-C13B840BA0F5}
		{CA9380CF-6FEB-4070-B74D-D1C2F0EC031D} = {334E0DB8-8DB0-46CA-9652-C13B840BA0F5}
		{15EFC10A-96F5-410D-8E2A-EA52A051C96A} = {334E0DB8-8DB0-46CA-9652-C13B840BA0F5}
		{D3F86145-8A97-429A-98E8-F917B2981183} = {334E0DB8-8DB0-46CA-9652-C13B840BA0F5}
		{8632C8DB-CEFE-46DA-9C9C-ADB49A904D8D} = {334E0DB8-8DB0-46CA-9652-C13B840BA0F5}
		{F4F1CBAA-483D-470F-8E12-68BCE150115D} = {334E0DB8-8DB0-46CA-9652-C13B840BA0F5}
		{C950979F-F550-481C-983E-7DF4EF6A5AA5} = {334E0DB8-8DB0-46CA-9652-C13B840BA0F5}
		{8C595F7E-DCD1-4FA7-97CD-B9617CDD5C38} = {334E0DB8-8DB0-46CA-9652-C13B840BA0F5}
		{4C92F512-4610-4C26-AF7F-26908C12718D} = {334E0DB8-8DB0-46CA-9652-C13B840BA0F5}
		{2E17F43C-40EF-4A39-B445-4BA68CCE0EB1} = {334E0DB8-8DB0-46CA-9652-C13B840BA0F5}
		{B6231CE1-1BCF-4C2D-8008-62D2BA53EF18} = {334E0DB8-8DB0-46CA-9652-C13B840BA0F5}
		{4DDF2CD5-F2A9-4355-A3C7-F45A8D5839C4} = {334E0DB8-8DB0-46CA-9652-C13B840BA0F5}
		{BB729644-0B64-404D-BDF4-C440609BD8C0} = {334E0DB8-8DB0-46CA-9652-C13B840BA0F5}
		{7B876070-1640-49B0-BF8C-CDB38EC9A54E} = {334E0DB8-8DB0-46CA-9652-C13B840BA0F5}
		{9FA7AB40-6DAA-4081-83CF-1B68C6782226} = {334E0DB8-8DB0-46CA-9652-C13B840BA0F5}
		{920F266F-401F-4D8B-9C78-691AA7946BCC} = {334E0DB8-8DB0-46CA-9652-C13B840BA0F5}
		{28104342-99CB-49F2-ACA7-272BA5118698} = {334E0DB8-8DB0-46CA-9652-C13B840BA0F5}
		{69FF8B14-C226-4421-98F4-1480DFBB6EBC} = {334E0DB8-8DB0-46CA-9652-C13B840BA0F5}
		{E442C522-A550-4DFA-B57F-B6BCEFA96FB6} = {334E0DB8-8DB0-46CA-9652-C13B840BA0F5}
		{E161C7E0-DD8C-413D-9272-BC60FFD365AE} = {334E0DB8-8DB0-46CA-9652-C13B840BA0F5}
		{BAB51777-B1CE-457B-8986-B5433DC9C9C4} = {334E0DB8-8DB0-46CA-9652-C13B840BA0F5}
		{30E328F5-EB46-49AD-8A66-1EC3520358D4} = {334E0DB8-8DB0-46CA-9652-C13B840BA0F5}
		{8F3B64F4-ECFB-4650-B2BB-3E268D031BF8} = {334E0DB8-8DB0-46CA-9652-C13B840BA0F5}
		{6EC6900D-438B-439E-B072-218D502A585E} = {334E0DB8-8DB0-46CA-9652-C13B840BA0F5}
		{7F715724-1659-46F2-B279-7B02A0E3C359} = {334E0DB8-8DB0-46CA-9652-C13B840BA0F5}
		{44C09346-66DD-420D-AAD1-A1187744EB78} = {334E0DB8-8DB0-46CA-9652-C13B840BA0F5}
		{26AD8E93-11FA-4C1E-8AF0-321F80B0AF3B} = {334E0DB8-8DB0-46CA-9652-C13B840BA0F5}
		{A6FC98E8-64DD-4384-A49F-E2F47E0F8BC1} = {334E0DB8-8DB0-46CA-9652-C13B840BA0F5}
		{6347C281-4C8A-4558-8EF3-1F4D7B6BA165} = {334E0DB8-8DB0-46CA-9652-C13B840BA0F5}
		{FC86AEF6-746A-421C-8148-BCA630030A32} = {334E0DB8-8DB0-46CA-9652-C13B840BA0F5}
		{927A94DF-FE36-4248-8F27-88516B0A15F8} = {334E0DB8-8DB0-46CA-9652-C13B840BA0F5}
		{51E2B065-F071-491B-B5A4-990DCC103B57} = {334E0DB8-8DB0-46CA-9652-C13B840BA0F5}
		{35DB73B6-D471-4DDF-92BA-193FA63BAADD} = {334E0DB8-8DB0-46CA-9652-C13B840BA0F5}
		{77738F19-52E1-4A77-936B-28FF629729BF} = {334E0DB8-8DB0-46CA-9652-C13B840BA0F5}
		{1D3BA28A-B8E6-4F32-91F9-AF25F887DAB2} = {334E0DB8-8DB0-46CA-9652-C13B840BA0F5}
		{36FEE53B-A3E7-4156-978B-0D18A2BBA634} = {334E0DB8-8DB0-46CA-9652-C13B840BA0F5}
		{E2E1362C-EE6F-4D0A-B971-975C4A4F71D3} = {334E0DB8-8DB0-46CA-9652-C13B840BA0F5}
		{95879853-26C9-4E87-A6CA-E103F0E0C6B3} = {334E0DB8-8DB0-46CA-9652-C13B840BA0F5}
		{03F37ED4-C5A4-47C0-8DD1-634A2B0652F1} = {334E0DB8-8DB0-46CA-9652-C13B840BA0F5}
		{278E29A0-5C95-4A70-9ABE-AD8615F9B47B} = {334E0DB8-8DB0-46CA-9652-C13B840BA0F5}
		{7991664F-8524-42C4-BC6D-1F546DEB4567} = {334E0DB8-8DB0-46CA-9652-C13B840BA0F5}
		{FB304891-5B87-4DAB-AA54-BA1B27D6FCF5} = {334E0DB8-8DB0-46CA-9652-C13B840BA0F5}
		{04E62FE9-34A8-4AE6-BB80-39E3F982D648} = {334E0DB8-8DB0-46CA-9652-C13B840BA0F5}
		{32B85FC3-E7A4-495A-9DE8-B4EABB0CADA0} = {334E0DB8-8DB0-46CA-9652-C13B840BA0F5}
		{8483E1F8-B702-43D7-B2D4-A2A4862CD4BD} = {334E0DB8-8DB0-46CA-9652-C13B840BA0F5}
		{C583FAF3-D690-45F4-B144-0D683067B5A4} = {334E0DB8-8DB0-46CA-9652-C13B840BA0F5}
		{9754E31B-22BC-442E-B11D-F24B547FB662} = {334E0DB8-8DB0-46CA-9652-C13B840BA0F5}
		{63DA8571-EB17-4125-AC07-67B7D95C474A} = {334E0DB8-8DB0-46CA-9652-C13B840BA0F5}
		{12E759A2-DE3D-4FC8-A6AA-469B475107E5} = {334E0DB8-8DB0-46CA-9652-C13B840BA0F5}
		{8793ECEE-110E-47F0-8965-837D5310BC64} = {334E0DB8-8DB0-46CA-9652-C13B840BA0F5}
		{7126CDFA-8656-4B25-80DF-689B68E63E2F} = {334E0DB8-8DB0-46CA-9652-C13B840BA0F5}
		{6D0A0A1D-D2C4-4E8D-9F96-B74829C7C2B2} = {334E0DB8-8DB0-46CA-9652-C13B840BA0F5}
		{4F34EE40-5366-4DFB-A97E-37F2B60026C1} = {334E0DB8-8DB0-46CA-9652-C13B840BA0F5}
		{49792215-A2C0-4574-A763-8C5453B48FC9} = {334E0DB8-8DB0-46CA-9652-C13B840BA0F5}
		{314AC9D0-0A48-45E1-81C3-F49FF2F9F050} = {334E0DB8-8DB0-46CA-9652-C13B840BA0F5}
		{BDF13275-1CA8-4E04-874D-F85021998547} = {334E0DB8-8DB0-46CA-9652-C13B840BA0F5}
		{5B336D1F-0C37-4F13-9E45-DDB39512F167} = {334E0DB8-8DB0-46CA-9652-C13B840BA0F5}
		{2C39167C-B3BA-4DF1-AB81-C26E0B1BB06E} = {334E0DB8-8DB0-46CA-9652-C13B840BA0F5}
		{9DB24D51-3027-4920-BCD5-BE7EDF144FC7} = {334E0DB8-8DB0-46CA-9652-C13B840BA0F5}
		{B90D3DA9-7B90-4686-9147-65231245F428} = {334E0DB8-8DB0-46CA-9652-C13B840BA0F5}
		{802CE5D6-304F-489C-BDB5-C526BCBCAC5A} = {334E0DB8-8DB0-46CA-9652-C13B840BA0F5}
		{68303D93-D9C8-4FFD-AE8C-A44D5BCF9294} = {334E0DB8-8DB0-46CA-9652-C13B840BA0F5}
		{F13C1863-69D2-406A-90E0-D598789D18C6} = {334E0DB8-8DB0-46CA-9652-C13B840BA0F5}
		{CDFF4419-4428-4044-9E1B-92BA0F08C15A} = {334E0DB8-8DB0-46CA-9652-C13B840BA0F5}
		{995C4E3D-B675-46D2-986E-89A11BF84A2A} = {334E0DB8-8DB0-46CA-9652-C13B840BA0F5}
	EndGlobalSection
	GlobalSection(ExtensibilityGlobals) = postSolution
		SolutionGuid = {0FB22011-7946-485B-B792-485CD8328584}
	EndGlobalSection
EndGlobal
